
Microsoft Visual Studio Solution File, Format Version 12.00
# Visual Studio Version 16
VisualStudioVersion = 16.0.32228.343
MinimumVisualStudioVersion = 10.0.40219.1
Project("{FAE04EC0-301F-11D3-BF4B-00C04F79EFBC}") = "Count4U", "Count4U\Count4U.csproj", "{36945BDD-4F90-469E-A8D5-17875D7B9A90}"
	ProjectSection(ProjectDependencies) = postProject
		{7A7CAD00-E32F-41B1-BE3C-7F87B5B25EBF} = {7A7CAD00-E32F-41B1-BE3C-7F87B5B25EBF}
		{9C8AA501-8278-41FB-AEF3-43CC8D3184A7} = {9C8AA501-8278-41FB-AEF3-43CC8D3184A7}
		{F5285D05-D1E0-43D9-A88B-5636F6719F1E} = {F5285D05-D1E0-43D9-A88B-5636F6719F1E}
		{F0616305-50AD-4780-A762-575F0050E614} = {F0616305-50AD-4780-A762-575F0050E614}
		{3BECF40D-D8DC-4AF9-ABB4-5A865C52F433} = {3BECF40D-D8DC-4AF9-ABB4-5A865C52F433}
		{FBD5D516-5FD9-493E-9927-584382CBE020} = {FBD5D516-5FD9-493E-9927-584382CBE020}
		{51075C18-6CE2-45D6-AD6B-1F5339F5B8BB} = {51075C18-6CE2-45D6-AD6B-1F5339F5B8BB}
		{D178AA1D-3EDC-47E0-A983-8DC829057ED4} = {D178AA1D-3EDC-47E0-A983-8DC829057ED4}
		{4BF4CF1E-017E-40EC-B4EC-F112481278F4} = {4BF4CF1E-017E-40EC-B4EC-F112481278F4}
		{B217AC1F-05F3-4992-9F77-AC103969E20F} = {B217AC1F-05F3-4992-9F77-AC103969E20F}
		{D4922324-4A35-4F89-8059-60F211696DE9} = {D4922324-4A35-4F89-8059-60F211696DE9}
		{EC1A9F29-D86A-471A-9C75-A5275F1CE861} = {EC1A9F29-D86A-471A-9C75-A5275F1CE861}
		{DDA8482C-2C27-40E7-B95D-31A1D4D28322} = {DDA8482C-2C27-40E7-B95D-31A1D4D28322}
		{2811672C-4C9A-45DF-AAC3-932CC59C72FA} = {2811672C-4C9A-45DF-AAC3-932CC59C72FA}
		{5895C42C-A146-4324-B9E3-17918813E3DB} = {5895C42C-A146-4324-B9E3-17918813E3DB}
		{E8A74E2F-C2CA-4DC6-A97A-67C6C03FBDE6} = {E8A74E2F-C2CA-4DC6-A97A-67C6C03FBDE6}
		{66625F31-AB7B-44E4-AE75-E27F84ADC11F} = {66625F31-AB7B-44E4-AE75-E27F84ADC11F}
		{DE5E3C39-308D-4629-8ACA-A24A707C64B5} = {DE5E3C39-308D-4629-8ACA-A24A707C64B5}
		{55B50642-E3FE-4742-A445-10C558B2A902} = {55B50642-E3FE-4742-A445-10C558B2A902}
		{123EB242-BA1D-4915-924C-8515AE9AEE16} = {123EB242-BA1D-4915-924C-8515AE9AEE16}
		{B2326743-38C9-489E-B2FF-61C12EBE293D} = {B2326743-38C9-489E-B2FF-61C12EBE293D}
		{323DE44F-AF89-4F6B-8DF7-CEEEE80800CB} = {323DE44F-AF89-4F6B-8DF7-CEEEE80800CB}
		{C3296452-B77F-4114-AFF8-C436A59C3197} = {C3296452-B77F-4114-AFF8-C436A59C3197}
		{3CFDFF57-C4FB-4949-9C1E-7FE3B805957C} = {3CFDFF57-C4FB-4949-9C1E-7FE3B805957C}
		{BE1ED569-5E0B-4DF0-8964-33AD2AAE4C4A} = {BE1ED569-5E0B-4DF0-8964-33AD2AAE4C4A}
		{B62CCD6E-FDF4-4FC1-B998-43F49AC17510} = {B62CCD6E-FDF4-4FC1-B998-43F49AC17510}
		{686BDE7E-1C4C-4B8A-AE0F-21A03C7A5E92} = {686BDE7E-1C4C-4B8A-AE0F-21A03C7A5E92}
		{109FE983-8308-4F5C-9365-7149FBC9E294} = {109FE983-8308-4F5C-9365-7149FBC9E294}
		{2EBE2784-D378-4C1C-BF1F-E24E0B64F0F6} = {2EBE2784-D378-4C1C-BF1F-E24E0B64F0F6}
		{8EDC3E88-99E1-4DF0-871E-D2B19B75F74D} = {8EDC3E88-99E1-4DF0-871E-D2B19B75F74D}
		{81A75A8E-58F5-4A9D-B856-B8C981558B67} = {81A75A8E-58F5-4A9D-B856-B8C981558B67}
		{5FC78491-7CA6-4584-AE53-D9A94EF4FE17} = {5FC78491-7CA6-4584-AE53-D9A94EF4FE17}
		{6BD02894-6EBE-40F1-B5A4-70E5141B2540} = {6BD02894-6EBE-40F1-B5A4-70E5141B2540}
		{E9232D98-120B-4076-9778-C67210330E08} = {E9232D98-120B-4076-9778-C67210330E08}
		{81FD9398-A149-48C4-A8D4-BC1499518625} = {81FD9398-A149-48C4-A8D4-BC1499518625}
		{E03FBAA1-A043-48E9-9635-00459F61F026} = {E03FBAA1-A043-48E9-9635-00459F61F026}
		{12CA63A2-03C9-4579-910E-BE421FA01120} = {12CA63A2-03C9-4579-910E-BE421FA01120}
		{78D2D3A6-12B7-42EB-82D6-A77B7FFCFC25} = {78D2D3A6-12B7-42EB-82D6-A77B7FFCFC25}
		{890131A9-84AF-48EB-9DA7-27FA48C3A81C} = {890131A9-84AF-48EB-9DA7-27FA48C3A81C}
		{6BDDE5AE-5B48-40B3-9F8D-74B498D26C74} = {6BDDE5AE-5B48-40B3-9F8D-74B498D26C74}
		{41443CBE-4FA7-42D7-9B70-3035F4EFE763} = {41443CBE-4FA7-42D7-9B70-3035F4EFE763}
		{005BB7BF-E7B8-40B2-87F1-540D2B627588} = {005BB7BF-E7B8-40B2-87F1-540D2B627588}
		{A71BF1C0-9AD8-4D4F-B977-DE77A83FAF79} = {A71BF1C0-9AD8-4D4F-B977-DE77A83FAF79}
		{F5B901C1-0019-40C7-82F3-8C306BEC38CE} = {F5B901C1-0019-40C7-82F3-8C306BEC38CE}
		{0A0E25C5-6BD6-4A3B-9916-B9E8F5D24250} = {0A0E25C5-6BD6-4A3B-9916-B9E8F5D24250}
		{99EC4FC5-7F05-404B-863B-6A79294A26F5} = {99EC4FC5-7F05-404B-863B-6A79294A26F5}
		{353BFBC5-A0B4-4EDD-81EA-52C2FEF828AD} = {353BFBC5-A0B4-4EDD-81EA-52C2FEF828AD}
		{E0FB14E5-A1E7-453C-AD53-ED731CC427D3} = {E0FB14E5-A1E7-453C-AD53-ED731CC427D3}
		{E94AD8E6-ED2E-4472-A253-9EE72DBA7915} = {E94AD8E6-ED2E-4472-A253-9EE72DBA7915}
		{D7C1E3E7-2FF0-444F-BF07-B02E964ACF3D} = {D7C1E3E7-2FF0-444F-BF07-B02E964ACF3D}
		{B24EA9E9-FC8D-43DF-B845-180EFDE1621F} = {B24EA9E9-FC8D-43DF-B845-180EFDE1621F}
		{853EB2F4-4B49-4F7F-AD90-4B546EA6B44F} = {853EB2F4-4B49-4F7F-AD90-4B546EA6B44F}
		{EAD24DF6-3EF9-4B9F-BC6E-23436C4B16DE} = {EAD24DF6-3EF9-4B9F-BC6E-23436C4B16DE}
		{0000B7FB-F8E5-4C27-A175-97894FF2215F} = {0000B7FB-F8E5-4C27-A175-97894FF2215F}
		{19F0D5FF-5BC5-4DB5-9E2F-0EEE1FB327B1} = {19F0D5FF-5BC5-4DB5-9E2F-0EEE1FB327B1}
	EndProjectSection
EndProject
Project("{FAE04EC0-301F-11D3-BF4B-00C04F79EFBC}") = "Count4U.Model", "Count4U.Model\Count4U.Model.csproj", "{A3145385-051F-4FFA-9DCB-3014DA552419}"
EndProject
Project("{2150E333-8FDC-42A3-9474-1A3956D46DE8}") = "Modules", "Modules", "{966168A5-F66C-4189-94E6-9F49303B8318}"
EndProject
Project("{FAE04EC0-301F-11D3-BF4B-00C04F79EFBC}") = "Count4U.Modules.ContextCBI", "Count4U.Modules.ContextCBI\Count4U.Modules.ContextCBI.csproj", "{A09EAA43-3E41-4379-9A19-4B633829C1A2}"
EndProject
Project("{FAE04EC0-301F-11D3-BF4B-00C04F79EFBC}") = "Count4U.Modules.Audit", "Count4U.Modules.Audit\Count4U.Modules.Audit.csproj", "{BF74955A-3599-4E98-9DBF-7C581EBF74CD}"
EndProject
Project("{FAE04EC0-301F-11D3-BF4B-00C04F79EFBC}") = "Count4U.Common", "Count4U.Common\Count4U.Common.csproj", "{EA11D75F-FDB9-410D-9F9B-5D055B4377B8}"
EndProject
Project("{FAE04EC0-301F-11D3-BF4B-00C04F79EFBC}") = "Count4U.CustomControls", "Count4U.CustomControls\Count4U.CustomControls.csproj", "{D20AC0D3-74FB-489C-977C-5712E022EB2B}"
EndProject
Project("{FAE04EC0-301F-11D3-BF4B-00C04F79EFBC}") = "Count4U.Media", "Count4U.Media\Count4U.Media.csproj", "{201020E5-ADF0-4E0C-9287-2A7F5E6E6080}"
EndProject
Project("{2150E333-8FDC-42A3-9474-1A3956D46DE8}") = "ImportModules", "ImportModules", "{F37A8F1F-F099-4218-A427-945E7DAEE60B}"
	ProjectSection(SolutionItems) = preProject
		HowToAddAdapter.txt = HowToAddAdapter.txt
	EndProjectSection
EndProject
Project("{FAE04EC0-301F-11D3-BF4B-00C04F79EFBC}") = "Count4U.ImportCatalogGazitVerifoneAdapter", "Count4U.ImportCatalogGazitVerifoneAdapter\Count4U.ImportCatalogGazitVerifoneAdapter.csproj", "{5FC78491-7CA6-4584-AE53-D9A94EF4FE17}"
EndProject
Project("{FAE04EC0-301F-11D3-BF4B-00C04F79EFBC}") = "Count4U.ImportCatalogComaxASPAdapter", "Count4U.ImportCatalogComaxASPAdapter\Count4U.ImportCatalogComaxASPAdapter.csproj", "{81FD9398-A149-48C4-A8D4-BC1499518625}"
EndProject
Project("{FAE04EC0-301F-11D3-BF4B-00C04F79EFBC}") = "Count4U.ImportCatalogUnizagAdapter", "Count4U.ImportCatalogUnizagAdapter\Count4U.ImportCatalogUnizagAdapter.csproj", "{E94AD8E6-ED2E-4472-A253-9EE72DBA7915}"
EndProject
Project("{FAE04EC0-301F-11D3-BF4B-00C04F79EFBC}") = "Count4U.ImportIturDefaultAdapter", "Count4U.ImportIturDefaultAdapter\Count4U.ImportIturDefaultAdapter.csproj", "{9C8AA501-8278-41FB-AEF3-43CC8D3184A7}"
EndProject
Project("{FAE04EC0-301F-11D3-BF4B-00C04F79EFBC}") = "Count4U.ImportLocationDefaultAdapter", "Count4U.ImportLocationDefaultAdapter\Count4U.ImportLocationDefaultAdapter.csproj", "{F5285D05-D1E0-43D9-A88B-5636F6719F1E}"
EndProject
Project("{FAE04EC0-301F-11D3-BF4B-00C04F79EFBC}") = "Count4U.ImportPdaDefaultAdapter", "Count4U.ImportPdaDefaultAdapter\Count4U.ImportPdaDefaultAdapter.csproj", "{8EDC3E88-99E1-4DF0-871E-D2B19B75F74D}"
EndProject
Project("{FAE04EC0-301F-11D3-BF4B-00C04F79EFBC}") = "Count4U.ImportCatalogAvivRegularAdapter", "Count4U.ImportCatalogAvivRegularAdapter\Count4U.ImportCatalogAvivRegularAdapter.csproj", "{55B50642-E3FE-4742-A445-10C558B2A902}"
EndProject
Project("{FAE04EC0-301F-11D3-BF4B-00C04F79EFBC}") = "Count4U.ImportCatalogAvivMultiBarcodesAdapter", "Count4U.ImportCatalogAvivMultiBarcodesAdapter\Count4U.ImportCatalogAvivMultiBarcodesAdapter.csproj", "{81A75A8E-58F5-4A9D-B856-B8C981558B67}"
EndProject
Project("{FAE04EC0-301F-11D3-BF4B-00C04F79EFBC}") = "Count4U.Modules.Prepare", "Count4U.Modules.Prepare\Count4U.Modules.Prepare.csproj", "{DA3262FB-3B40-4750-A5E9-5A2C6E87F04C}"
EndProject
Project("{FAE04EC0-301F-11D3-BF4B-00C04F79EFBC}") = "Count4U.ImportCatalogComaxAspMultiBarcodeAdapter", "Count4U.ImportCatalogComaxAspMultiBarcodeAdapter\Count4U.ImportCatalogComaxAspMultiBarcodeAdapter.csproj", "{EAD24DF6-3EF9-4B9F-BC6E-23436C4B16DE}"
EndProject
Project("{FAE04EC0-301F-11D3-BF4B-00C04F79EFBC}") = "Count4U.GenerationReport", "Count4U.GenerationReport\Count4U.GenerationReport.csproj", "{83008678-0C79-4E48-BC3D-D9B4580DF56A}"
EndProject
Project("{2150E333-8FDC-42A3-9474-1A3956D46DE8}") = "ExportModules", "ExportModules", "{2EC2093E-94EC-4CFA-AC59-13F5953B44BC}"
EndProject
Project("{FAE04EC0-301F-11D3-BF4B-00C04F79EFBC}") = "Count4U.ExportHT630Adapter", "Count4U.ExportHT630Adapter\Count4U.ExportHT630Adapter.csproj", "{3CFDFF57-C4FB-4949-9C1E-7FE3B805957C}"
EndProject
Project("{FAE04EC0-301F-11D3-BF4B-00C04F79EFBC}") = "Count4U.Model.ExportImport", "Count4U.Model.ExportImport\Count4U.Model.ExportImport.csproj", "{A511450D-26CB-4D17-92B1-4C9A331B5290}"
EndProject
Project("{FAE04EC0-301F-11D3-BF4B-00C04F79EFBC}") = "Count4U.Model.Common", "Count4U.Model.Common\Count4U.Model.Common.csproj", "{5E70D036-3982-4D9F-95CA-197E616D7F59}"
EndProject
Project("{FAE04EC0-301F-11D3-BF4B-00C04F79EFBC}") = "Count4U.ExportErpTextAdapter", "Count4U.ExportErpTextAdapter\Count4U.ExportErpTextAdapter.csproj", "{890131A9-84AF-48EB-9DA7-27FA48C3A81C}"
EndProject
Project("{FAE04EC0-301F-11D3-BF4B-00C04F79EFBC}") = "Count4U.ImportCatalogPriorityRenuarAdapter", "Count4U.ImportCatalogPriorityRenuarAdapter\Count4U.ImportCatalogPriorityRenuarAdapter.csproj", "{B62CCD6E-FDF4-4FC1-B998-43F49AC17510}"
EndProject
Project("{FAE04EC0-301F-11D3-BF4B-00C04F79EFBC}") = "Count4U.Localization", "Count4U.Localization\Count4U.Localization.csproj", "{C1716C1B-995A-481B-8853-1B984F75BE45}"
EndProject
Project("{FAE04EC0-301F-11D3-BF4B-00C04F79EFBC}") = "Count4U.ImportCatalogPosSuperPharmAdapter", "Count4U.ImportCatalogPosSuperPharmAdapter\Count4U.ImportCatalogPosSuperPharmAdapter.csproj", "{F0616305-50AD-4780-A762-575F0050E614}"
EndProject
Project("{FAE04EC0-301F-11D3-BF4B-00C04F79EFBC}") = "Count4U.ImportIturERPAdapter", "Count4U.ImportIturERPAdapter\Count4U.ImportIturERPAdapter.csproj", "{51075C18-6CE2-45D6-AD6B-1F5339F5B8BB}"
EndProject
Project("{FAE04EC0-301F-11D3-BF4B-00C04F79EFBC}") = "Count4U.ImportSectionDefaultAdapter", "Count4U.ImportSectionDefaultAdapter\Count4U.ImportSectionDefaultAdapter.csproj", "{41443CBE-4FA7-42D7-9B70-3035F4EFE763}"
EndProject
Project("{2150E333-8FDC-42A3-9474-1A3956D46DE8}") = "UpdateModules", "UpdateModules", "{E596D928-C038-4A13-ABAF-5431D3829DCA}"
EndProject
Project("{FAE04EC0-301F-11D3-BF4B-00C04F79EFBC}") = "Count4U.UpdateCatalogERPQuantityPosSuperPharmAdapter", "Count4U.UpdateCatalogERPQuantityPosSuperPharm\Count4U.UpdateCatalogERPQuantityPosSuperPharmAdapter.csproj", "{66625F31-AB7B-44E4-AE75-E27F84ADC11F}"
EndProject
Project("{FAE04EC0-301F-11D3-BF4B-00C04F79EFBC}") = "Count4U.ImportBranchXtechMeuhedetAdapter", "Count4U.ImportBranchXtechMeuhedetAdapter\Count4U.ImportBranchXtechMeuhedetAdapter.csproj", "{D7C1E3E7-2FF0-444F-BF07-B02E964ACF3D}"
EndProject
Project("{FAE04EC0-301F-11D3-BF4B-00C04F79EFBC}") = "Count4U.ImportBranchDefaultAdapter", "Count4U.ImportBranchDefaultAdapter\Count4U.ImportBranchDefaultAdapter.csproj", "{353BFBC5-A0B4-4EDD-81EA-52C2FEF828AD}"
EndProject
Project("{FAE04EC0-301F-11D3-BF4B-00C04F79EFBC}") = "Count4U.ImportBranchGazitVerifoneAdapter", "Count4U.ImportBranchGazitVerifoneAdapter\Count4U.ImportBranchGazitVerifoneAdapter.csproj", "{2EBE2784-D378-4C1C-BF1F-E24E0B64F0F6}"
EndProject
Project("{FAE04EC0-301F-11D3-BF4B-00C04F79EFBC}") = "Count4U.UpdateCatalogERPQuantityXtechMeuhedetAdapter", "Count4U.UpdateCatalogERPQuantityXtechMeuhedetAdapter\Count4U.UpdateCatalogERPQuantityXtechMeuhedetAdapter.csproj", "{E03FBAA1-A043-48E9-9635-00459F61F026}"
EndProject
Project("{FAE04EC0-301F-11D3-BF4B-00C04F79EFBC}") = "Count4U.ImportCatalogXtechMeuhedetAdapter", "Count4U.ImportCatalogXtechMeuhedetAdapter\Count4U.ImportCatalogXtechMeuhedetAdapter.csproj", "{FBD5D516-5FD9-493E-9927-584382CBE020}"
EndProject
Project("{FAE04EC0-301F-11D3-BF4B-00C04F79EFBC}") = "Count4U.UpdateCatalogERPQuantityYarpaAdapter", "Count4U.UpdateCatalogERPQuantityYarpaAdapter\Count4U.UpdateCatalogERPQuantityYarpaAdapter.csproj", "{0000B7FB-F8E5-4C27-A175-97894FF2215F}"
EndProject
Project("{FAE04EC0-301F-11D3-BF4B-00C04F79EFBC}") = "Count4U.ImportCatalogYarpaAdapter", "Count4U.ImportCatalogYarpaAdapter\Count4U.ImportCatalogYarpaAdapter.csproj", "{EC1A9F29-D86A-471A-9C75-A5275F1CE861}"
EndProject
Project("{FAE04EC0-301F-11D3-BF4B-00C04F79EFBC}") = "Count4U.ImportPdaYarpaAdapter", "Count4U.ImportPdaYarpaAdapter\Count4U.ImportPdaYarpaAdapter.csproj", "{F5B901C1-0019-40C7-82F3-8C306BEC38CE}"
EndProject
Project("{FAE04EC0-301F-11D3-BF4B-00C04F79EFBC}") = "Count4U.ImportPdaAdvancedAdapter", "Count4U.ImportPdaAdvancedAdapter\Count4U.ImportPdaAdvancedAdapter.csproj", "{78D2D3A6-12B7-42EB-82D6-A77B7FFCFC25}"
EndProject
Project("{FAE04EC0-301F-11D3-BF4B-00C04F79EFBC}") = "Count4U.ImportCatalogYarpaWindowsAdapter", "Count4U.ImportCatalogYarpaWindowsAdapter\Count4U.ImportCatalogYarpaWindowsAdapter.csproj", "{E8A74E2F-C2CA-4DC6-A97A-67C6C03FBDE6}"
EndProject
Project("{FAE04EC0-301F-11D3-BF4B-00C04F79EFBC}") = "Count4U.UpdateCatalogERPQuantityYarpaWindowsAdapter", "Count4U.UpdateCatalogERPQuantityYarpaWindowsAdapter\Count4U.UpdateCatalogERPQuantityYarpaWindowsAdapter.csproj", "{A71BF1C0-9AD8-4D4F-B977-DE77A83FAF79}"
EndProject
Project("{FAE04EC0-301F-11D3-BF4B-00C04F79EFBC}") = "Count4U.Configuration", "Count4U.Configuration\Count4U.Configuration.csproj", "{005BB7BF-E7B8-40B2-87F1-540D2B627588}"
EndProject
Project("{FAE04EC0-301F-11D3-BF4B-00C04F79EFBC}") = "Count4U.ImportCatalogGeneralCSVAdapter", "Count4U.ImportCatalogGeneralCSVAdapter\Count4U.ImportCatalogGeneralCSVAdapter.csproj", "{D178AA1D-3EDC-47E0-A983-8DC829057ED4}"
EndProject
Project("{FAE04EC0-301F-11D3-BF4B-00C04F79EFBC}") = "Count4U.UpdateCatalogERPQuantityGeneralCSVAdapter", "Count4U.UpdateCatalogERPQuantityGeneralCSVAdapter\Count4U.UpdateCatalogERPQuantityGeneralCSVAdapter.csproj", "{B24EA9E9-FC8D-43DF-B845-180EFDE1621F}"
EndProject
Project("{FAE04EC0-301F-11D3-BF4B-00C04F79EFBC}") = "Count4U.ImportCatalogAvivPOSAdapter", "Count4U.ImportCatalogAvivPOSAdapter\Count4U.ImportCatalogAvivPOSAdapter.csproj", "{B2326743-38C9-489E-B2FF-61C12EBE293D}"
EndProject
Project("{FAE04EC0-301F-11D3-BF4B-00C04F79EFBC}") = "Count4U.UpdateCatalogERPQuantityAvivPOSAdapter", "Count4U.UpdateCatalogERPQuantityAvivPOSAdapter\Count4U.UpdateCatalogERPQuantityAvivPOSAdapter.csproj", "{99EC4FC5-7F05-404B-863B-6A79294A26F5}"
EndProject
Project("{FAE04EC0-301F-11D3-BF4B-00C04F79EFBC}") = "Count4U.UpdateCatalogERPQuantityAvivMultiBarcodeAdapter", "Count4U.UpdateCatalogERPQuantityAvivMultiBarcodeAdapter\Count4U.UpdateCatalogERPQuantityAvivMultiBarcodeAdapter.csproj", "{6BDDE5AE-5B48-40B3-9F8D-74B498D26C74}"
EndProject
Project("{FAE04EC0-301F-11D3-BF4B-00C04F79EFBC}") = "Count4U.ImportSupplierDefaultAdapter", "Count4U.ImportSupplierDefaultAdapter\Count4U.ImportSupplierDefaultAdapter.csproj", "{2811672C-4C9A-45DF-AAC3-932CC59C72FA}"
EndProject
Project("{FAE04EC0-301F-11D3-BF4B-00C04F79EFBC}") = "Count4U.ImportSupplierAvivPOSAdapter", "Count4U.ImportSupplierAvivPOSAdapter\Count4U.ImportSupplierAvivPOSAdapter.csproj", "{B217AC1F-05F3-4992-9F77-AC103969E20F}"
EndProject
Project("{FAE04EC0-301F-11D3-BF4B-00C04F79EFBC}") = "Count4U.ImportSupplierComaxASPAdapter", "Count4U.ImportSupplierComaxASPAdapter\Count4U.ImportSupplierComaxASPAdapter.csproj", "{C3296452-B77F-4114-AFF8-C436A59C3197}"
EndProject
Project("{FAE04EC0-301F-11D3-BF4B-00C04F79EFBC}") = "Count4U.ImportCatalogMirkamSonolAdapter", "Count4U.ImportCatalogMirkamSonolAdapter\Count4U.ImportCatalogMirkamSonolAdapter.csproj", "{4BF4CF1E-017E-40EC-B4EC-F112481278F4}"
EndProject
Project("{2150E333-8FDC-42A3-9474-1A3956D46DE8}") = "Catalog", "Catalog", "{3C7E5B72-9DB8-42B6-8084-8D220C5851D0}"
EndProject
Project("{2150E333-8FDC-42A3-9474-1A3956D46DE8}") = "Branch", "Branch", "{04B1B1A9-FDEF-4F27-ACFC-50B300A7980D}"
EndProject
Project("{2150E333-8FDC-42A3-9474-1A3956D46DE8}") = "Pda", "Pda", "{4B0E616C-B712-4763-AB28-E6157587065C}"
EndProject
Project("{2150E333-8FDC-42A3-9474-1A3956D46DE8}") = "Supplier", "Supplier", "{9D23B198-84DB-4A26-8702-5FEE011FFBE0}"
EndProject
Project("{2150E333-8FDC-42A3-9474-1A3956D46DE8}") = "Itur", "Itur", "{94D4AF66-72FD-4017-B808-5FF42770AD21}"
EndProject
Project("{FAE04EC0-301F-11D3-BF4B-00C04F79EFBC}") = "Count4U.ImportBranchMirkamSonolAdapter", "Count4U.ImportBranchMirkamSonolAdapter\Count4U.ImportBranchMirkamSonolAdapter.csproj", "{123EB242-BA1D-4915-924C-8515AE9AEE16}"
EndProject
Project("{2150E333-8FDC-42A3-9474-1A3956D46DE8}") = "Section", "Section", "{38C53AC6-1F2E-4DDE-9B01-973FBD5A94D2}"
EndProject
Project("{FAE04EC0-301F-11D3-BF4B-00C04F79EFBC}") = "Count4U.ImportSectionMirkamSonolAdapter", "Count4U.ImportSectionMirkamSonolAdapter\Count4U.ImportSectionMirkamSonolAdapter.csproj", "{3BECF40D-D8DC-4AF9-ABB4-5A865C52F433}"
EndProject
Project("{FAE04EC0-301F-11D3-BF4B-00C04F79EFBC}") = "Count4U.ImportCatalogPriorityKedsAdapter", "Count4U.ImportCatalogPriorityKedsAdapter\Count4U.ImportCatalogPriorityKedsAdapter.csproj", "{686BDE7E-1C4C-4B8A-AE0F-21A03C7A5E92}"
EndProject
Project("{FAE04EC0-301F-11D3-BF4B-00C04F79EFBC}") = "Count4U.UpdateCatalogERPQuantityPriorityKedsAdapter", "Count4U.UpdateCatalogERPQuantityPriorityKedsAdapter\Count4U.UpdateCatalogERPQuantityPriorityKedsAdapter.csproj", "{DE5E3C39-308D-4629-8ACA-A24A707C64B5}"
EndProject
Project("{2150E333-8FDC-42A3-9474-1A3956D46DE8}") = "Location", "Location", "{2189817D-EA11-475D-B978-A7327E48B066}"
EndProject
Project("{FAE04EC0-301F-11D3-BF4B-00C04F79EFBC}") = "Count4U.ImportCatalogRetalixPOS_HOAdapter", "Count4U.ImportCatalogRetalixPOS_HOAdapter\Count4U.ImportCatalogRetalixPOS_HOAdapter.csproj", "{0A0E25C5-6BD6-4A3B-9916-B9E8F5D24250}"
EndProject
Project("{FAE04EC0-301F-11D3-BF4B-00C04F79EFBC}") = "Count4U.UpdateCatalogERPQuantityRetalixPOS_HOAdapter", "Count4U.UpdateCatalogERPQuantityRetalixPOS_HOAdapter\Count4U.UpdateCatalogERPQuantityRetalixPOS_HOAdapter.csproj", "{DDA8482C-2C27-40E7-B95D-31A1D4D28322}"
EndProject
Project("{FAE04EC0-301F-11D3-BF4B-00C04F79EFBC}") = "Count4U.ImportCatalogAS400_LeumitAdapter", "Count4U.ImportCatalogAS400_LeumitAdapter\Count4U.ImportCatalogAS400_LeumitAdapter.csproj", "{12CA63A2-03C9-4579-910E-BE421FA01120}"
EndProject
Project("{FAE04EC0-301F-11D3-BF4B-00C04F79EFBC}") = "Count4U.UpdateCatalogERPQuantityAS400_LeumitAdapter", "Count4U.UpdateCatalogERPQuantityAS400_LeumitAdapter\Count4U.UpdateCatalogERPQuantityAS400_LeumitAdapter.csproj", "{853EB2F4-4B49-4F7F-AD90-4B546EA6B44F}"
EndProject
Project("{FAE04EC0-301F-11D3-BF4B-00C04F79EFBC}") = "Count4U.ImportBranchAS400_LeumitAdapter", "Count4U.ImportBranchAS400_LeumitAdapter\Count4U.ImportBranchAS400_LeumitAdapter.csproj", "{19F0D5FF-5BC5-4DB5-9E2F-0EEE1FB327B1}"
EndProject
Project("{2150E333-8FDC-42A3-9474-1A3956D46DE8}") = "UnitPlan", "UnitPlan", "{E9C7555D-9EBB-4CD2-94A3-922331348A7F}"
EndProject
Project("{FAE04EC0-301F-11D3-BF4B-00C04F79EFBC}") = "Count4U.ImportUnitPlanDefaultAdapter", "Count4U.ImportUnitPlanDefaultAdapter\Count4U.ImportUnitPlanDefaultAdapter.csproj", "{5895C42C-A146-4324-B9E3-17918813E3DB}"
EndProject
Project("{FAE04EC0-301F-11D3-BF4B-00C04F79EFBC}") = "Count4U.Planogram", "Count4U.Planogram\Count4U.Planogram.csproj", "{7D2AE23A-E672-412C-A524-CCFD9E2719F3}"
EndProject
Project("{FAE04EC0-301F-11D3-BF4B-00C04F79EFBC}") = "Count4U.ImportCatalogMiniSoftAdapter", "Count4U.ImportCatalogMiniSoftAdapter\Count4U.ImportCatalogMiniSoftAdapter.csproj", "{7A7CAD00-E32F-41B1-BE3C-7F87B5B25EBF}"
EndProject
Project("{FAE04EC0-301F-11D3-BF4B-00C04F79EFBC}") = "Count4U.UpdateCatalogAdapters", "Count4U.UpdateCatalogAdapters\Count4U.UpdateCatalogAdapters.csproj", "{D4922324-4A35-4F89-8059-60F211696DE9}"
EndProject
Project("{FAE04EC0-301F-11D3-BF4B-00C04F79EFBC}") = "Count4U.UpdateCatalogKitAdapter", "Count4U.UpdateCatalogKitAdapter\Count4U.UpdateCatalogKitAdapter.csproj", "{E0FB14E5-A1E7-453C-AD53-ED731CC427D3}"
EndProject
Project("{FAE04EC0-301F-11D3-BF4B-00C04F79EFBC}") = "Count4U.ImportSectionKitAdapter", "Count4U.ImportSectionKitAdapter\Count4U.ImportSectionKitAdapter.csproj", "{E9232D98-120B-4076-9778-C67210330E08}"
EndProject
Project("{2150E333-8FDC-42A3-9474-1A3956D46DE8}") = "Family", "Family", "{5488164F-2D1A-4C3E-ADF9-990117877F6A}"
EndProject
Project("{FAE04EC0-301F-11D3-BF4B-00C04F79EFBC}") = "Count4U.ImportFamilyKitAdapter", "Count4U.ImportFamilyKitAdapter\Count4U.ImportFamilyKitAdapter.csproj", "{323DE44F-AF89-4F6B-8DF7-CEEEE80800CB}"
EndProject
Project("{FAE04EC0-301F-11D3-BF4B-00C04F79EFBC}") = "Count4U.ImportCatalogKitAdapter", "Count4U.ImportCatalogKitAdapter\Count4U.ImportCatalogKitAdapter.csproj", "{109FE983-8308-4F5C-9365-7149FBC9E294}"
EndProject
Project("{FAE04EC0-301F-11D3-BF4B-00C04F79EFBC}") = "Count4U.Model.ServiceContract", "Count4U.Model.ServiceContract\Count4U.Model.ServiceContract.csproj", "{6C200172-9847-40E4-AE97-EC50BBF4D0A4}"
EndProject
Project("{FAE04EC0-301F-11D3-BF4B-00C04F79EFBC}") = "Count4U.Common.Web", "Count4U.Common.Web\Count4U.Common.Web.csproj", "{6BD02894-6EBE-40F1-B5A4-70E5141B2540}"
EndProject
Project("{FAE04EC0-301F-11D3-BF4B-00C04F79EFBC}") = "WPF.MDI", "..\WPF.MDI\WPF.MDI\WPF.MDI.csproj", "{BE1ED569-5E0B-4DF0-8964-33AD2AAE4C4A}"
EndProject
Global
	GlobalSection(SolutionConfigurationPlatforms) = preSolution
		Debug|Any CPU = Debug|Any CPU
		Debug|Mixed Platforms = Debug|Mixed Platforms
		Debug|x86 = Debug|x86
		Release|Any CPU = Release|Any CPU
		Release|Mixed Platforms = Release|Mixed Platforms
		Release|x86 = Release|x86
	EndGlobalSection
	GlobalSection(ProjectConfigurationPlatforms) = postSolution
		{36945BDD-4F90-469E-A8D5-17875D7B9A90}.Debug|Any CPU.ActiveCfg = Debug|Any CPU
		{36945BDD-4F90-469E-A8D5-17875D7B9A90}.Debug|Any CPU.Build.0 = Debug|Any CPU
		{36945BDD-4F90-469E-A8D5-17875D7B9A90}.Debug|Mixed Platforms.ActiveCfg = Debug|Any CPU
		{36945BDD-4F90-469E-A8D5-17875D7B9A90}.Debug|Mixed Platforms.Build.0 = Debug|Any CPU
		{36945BDD-4F90-469E-A8D5-17875D7B9A90}.Debug|x86.ActiveCfg = Debug|Any CPU
		{36945BDD-4F90-469E-A8D5-17875D7B9A90}.Release|Any CPU.ActiveCfg = Release|Any CPU
		{36945BDD-4F90-469E-A8D5-17875D7B9A90}.Release|Any CPU.Build.0 = Release|Any CPU
		{36945BDD-4F90-469E-A8D5-17875D7B9A90}.Release|Mixed Platforms.ActiveCfg = Release|Any CPU
		{36945BDD-4F90-469E-A8D5-17875D7B9A90}.Release|Mixed Platforms.Build.0 = Release|Any CPU
		{36945BDD-4F90-469E-A8D5-17875D7B9A90}.Release|x86.ActiveCfg = Release|Any CPU
		{A3145385-051F-4FFA-9DCB-3014DA552419}.Debug|Any CPU.ActiveCfg = Debug|Any CPU
		{A3145385-051F-4FFA-9DCB-3014DA552419}.Debug|Any CPU.Build.0 = Debug|Any CPU
		{A3145385-051F-4FFA-9DCB-3014DA552419}.Debug|Mixed Platforms.ActiveCfg = Debug|Any CPU
		{A3145385-051F-4FFA-9DCB-3014DA552419}.Debug|Mixed Platforms.Build.0 = Debug|Any CPU
		{A3145385-051F-4FFA-9DCB-3014DA552419}.Debug|x86.ActiveCfg = Debug|Any CPU
		{A3145385-051F-4FFA-9DCB-3014DA552419}.Release|Any CPU.ActiveCfg = Release|Any CPU
		{A3145385-051F-4FFA-9DCB-3014DA552419}.Release|Any CPU.Build.0 = Release|Any CPU
		{A3145385-051F-4FFA-9DCB-3014DA552419}.Release|Mixed Platforms.ActiveCfg = Release|Any CPU
		{A3145385-051F-4FFA-9DCB-3014DA552419}.Release|Mixed Platforms.Build.0 = Release|Any CPU
		{A3145385-051F-4FFA-9DCB-3014DA552419}.Release|x86.ActiveCfg = Release|Any CPU
		{A09EAA43-3E41-4379-9A19-4B633829C1A2}.Debug|Any CPU.ActiveCfg = Debug|Any CPU
		{A09EAA43-3E41-4379-9A19-4B633829C1A2}.Debug|Any CPU.Build.0 = Debug|Any CPU
		{A09EAA43-3E41-4379-9A19-4B633829C1A2}.Debug|Mixed Platforms.ActiveCfg = Debug|Any CPU
		{A09EAA43-3E41-4379-9A19-4B633829C1A2}.Debug|Mixed Platforms.Build.0 = Debug|Any CPU
		{A09EAA43-3E41-4379-9A19-4B633829C1A2}.Debug|x86.ActiveCfg = Debug|Any CPU
		{A09EAA43-3E41-4379-9A19-4B633829C1A2}.Release|Any CPU.ActiveCfg = Release|Any CPU
		{A09EAA43-3E41-4379-9A19-4B633829C1A2}.Release|Any CPU.Build.0 = Release|Any CPU
		{A09EAA43-3E41-4379-9A19-4B633829C1A2}.Release|Mixed Platforms.ActiveCfg = Release|Any CPU
		{A09EAA43-3E41-4379-9A19-4B633829C1A2}.Release|Mixed Platforms.Build.0 = Release|Any CPU
		{A09EAA43-3E41-4379-9A19-4B633829C1A2}.Release|x86.ActiveCfg = Release|Any CPU
		{BF74955A-3599-4E98-9DBF-7C581EBF74CD}.Debug|Any CPU.ActiveCfg = Debug|Any CPU
		{BF74955A-3599-4E98-9DBF-7C581EBF74CD}.Debug|Any CPU.Build.0 = Debug|Any CPU
		{BF74955A-3599-4E98-9DBF-7C581EBF74CD}.Debug|Mixed Platforms.ActiveCfg = Debug|Any CPU
		{BF74955A-3599-4E98-9DBF-7C581EBF74CD}.Debug|Mixed Platforms.Build.0 = Debug|Any CPU
		{BF74955A-3599-4E98-9DBF-7C581EBF74CD}.Debug|x86.ActiveCfg = Debug|Any CPU
		{BF74955A-3599-4E98-9DBF-7C581EBF74CD}.Release|Any CPU.ActiveCfg = Release|Any CPU
		{BF74955A-3599-4E98-9DBF-7C581EBF74CD}.Release|Any CPU.Build.0 = Release|Any CPU
		{BF74955A-3599-4E98-9DBF-7C581EBF74CD}.Release|Mixed Platforms.ActiveCfg = Release|Any CPU
		{BF74955A-3599-4E98-9DBF-7C581EBF74CD}.Release|Mixed Platforms.Build.0 = Release|Any CPU
		{BF74955A-3599-4E98-9DBF-7C581EBF74CD}.Release|x86.ActiveCfg = Release|Any CPU
		{EA11D75F-FDB9-410D-9F9B-5D055B4377B8}.Debug|Any CPU.ActiveCfg = Debug|Any CPU
		{EA11D75F-FDB9-410D-9F9B-5D055B4377B8}.Debug|Any CPU.Build.0 = Debug|Any CPU
		{EA11D75F-FDB9-410D-9F9B-5D055B4377B8}.Debug|Mixed Platforms.ActiveCfg = Debug|Any CPU
		{EA11D75F-FDB9-410D-9F9B-5D055B4377B8}.Debug|Mixed Platforms.Build.0 = Debug|Any CPU
		{EA11D75F-FDB9-410D-9F9B-5D055B4377B8}.Debug|x86.ActiveCfg = Debug|Any CPU
		{EA11D75F-FDB9-410D-9F9B-5D055B4377B8}.Release|Any CPU.ActiveCfg = Release|Any CPU
		{EA11D75F-FDB9-410D-9F9B-5D055B4377B8}.Release|Any CPU.Build.0 = Release|Any CPU
		{EA11D75F-FDB9-410D-9F9B-5D055B4377B8}.Release|Mixed Platforms.ActiveCfg = Release|Any CPU
		{EA11D75F-FDB9-410D-9F9B-5D055B4377B8}.Release|Mixed Platforms.Build.0 = Release|Any CPU
		{EA11D75F-FDB9-410D-9F9B-5D055B4377B8}.Release|x86.ActiveCfg = Release|Any CPU
		{D20AC0D3-74FB-489C-977C-5712E022EB2B}.Debug|Any CPU.ActiveCfg = Debug|Any CPU
		{D20AC0D3-74FB-489C-977C-5712E022EB2B}.Debug|Any CPU.Build.0 = Debug|Any CPU
		{D20AC0D3-74FB-489C-977C-5712E022EB2B}.Debug|Mixed Platforms.ActiveCfg = Debug|Any CPU
		{D20AC0D3-74FB-489C-977C-5712E022EB2B}.Debug|Mixed Platforms.Build.0 = Debug|Any CPU
		{D20AC0D3-74FB-489C-977C-5712E022EB2B}.Debug|x86.ActiveCfg = Debug|Any CPU
		{D20AC0D3-74FB-489C-977C-5712E022EB2B}.Release|Any CPU.ActiveCfg = Release|Any CPU
		{D20AC0D3-74FB-489C-977C-5712E022EB2B}.Release|Any CPU.Build.0 = Release|Any CPU
		{D20AC0D3-74FB-489C-977C-5712E022EB2B}.Release|Mixed Platforms.ActiveCfg = Release|Any CPU
		{D20AC0D3-74FB-489C-977C-5712E022EB2B}.Release|Mixed Platforms.Build.0 = Release|Any CPU
		{D20AC0D3-74FB-489C-977C-5712E022EB2B}.Release|x86.ActiveCfg = Release|Any CPU
		{201020E5-ADF0-4E0C-9287-2A7F5E6E6080}.Debug|Any CPU.ActiveCfg = Debug|Any CPU
		{201020E5-ADF0-4E0C-9287-2A7F5E6E6080}.Debug|Any CPU.Build.0 = Debug|Any CPU
		{201020E5-ADF0-4E0C-9287-2A7F5E6E6080}.Debug|Mixed Platforms.ActiveCfg = Debug|Any CPU
		{201020E5-ADF0-4E0C-9287-2A7F5E6E6080}.Debug|Mixed Platforms.Build.0 = Debug|Any CPU
		{201020E5-ADF0-4E0C-9287-2A7F5E6E6080}.Debug|x86.ActiveCfg = Debug|Any CPU
		{201020E5-ADF0-4E0C-9287-2A7F5E6E6080}.Release|Any CPU.ActiveCfg = Release|Any CPU
		{201020E5-ADF0-4E0C-9287-2A7F5E6E6080}.Release|Any CPU.Build.0 = Release|Any CPU
		{201020E5-ADF0-4E0C-9287-2A7F5E6E6080}.Release|Mixed Platforms.ActiveCfg = Release|Any CPU
		{201020E5-ADF0-4E0C-9287-2A7F5E6E6080}.Release|Mixed Platforms.Build.0 = Release|Any CPU
		{201020E5-ADF0-4E0C-9287-2A7F5E6E6080}.Release|x86.ActiveCfg = Release|Any CPU
		{5FC78491-7CA6-4584-AE53-D9A94EF4FE17}.Debug|Any CPU.ActiveCfg = Debug|Any CPU
		{5FC78491-7CA6-4584-AE53-D9A94EF4FE17}.Debug|Any CPU.Build.0 = Debug|Any CPU
		{5FC78491-7CA6-4584-AE53-D9A94EF4FE17}.Debug|Mixed Platforms.ActiveCfg = Debug|Any CPU
		{5FC78491-7CA6-4584-AE53-D9A94EF4FE17}.Debug|Mixed Platforms.Build.0 = Debug|Any CPU
		{5FC78491-7CA6-4584-AE53-D9A94EF4FE17}.Debug|x86.ActiveCfg = Debug|Any CPU
		{5FC78491-7CA6-4584-AE53-D9A94EF4FE17}.Release|Any CPU.ActiveCfg = Release|Any CPU
		{5FC78491-7CA6-4584-AE53-D9A94EF4FE17}.Release|Any CPU.Build.0 = Release|Any CPU
		{5FC78491-7CA6-4584-AE53-D9A94EF4FE17}.Release|Mixed Platforms.ActiveCfg = Release|Any CPU
		{5FC78491-7CA6-4584-AE53-D9A94EF4FE17}.Release|Mixed Platforms.Build.0 = Release|Any CPU
		{5FC78491-7CA6-4584-AE53-D9A94EF4FE17}.Release|x86.ActiveCfg = Release|Any CPU
		{81FD9398-A149-48C4-A8D4-BC1499518625}.Debug|Any CPU.ActiveCfg = Debug|Any CPU
		{81FD9398-A149-48C4-A8D4-BC1499518625}.Debug|Any CPU.Build.0 = Debug|Any CPU
		{81FD9398-A149-48C4-A8D4-BC1499518625}.Debug|Mixed Platforms.ActiveCfg = Debug|Any CPU
		{81FD9398-A149-48C4-A8D4-BC1499518625}.Debug|Mixed Platforms.Build.0 = Debug|Any CPU
		{81FD9398-A149-48C4-A8D4-BC1499518625}.Debug|x86.ActiveCfg = Debug|Any CPU
		{81FD9398-A149-48C4-A8D4-BC1499518625}.Release|Any CPU.ActiveCfg = Release|Any CPU
		{81FD9398-A149-48C4-A8D4-BC1499518625}.Release|Any CPU.Build.0 = Release|Any CPU
		{81FD9398-A149-48C4-A8D4-BC1499518625}.Release|Mixed Platforms.ActiveCfg = Release|Any CPU
		{81FD9398-A149-48C4-A8D4-BC1499518625}.Release|Mixed Platforms.Build.0 = Release|Any CPU
		{81FD9398-A149-48C4-A8D4-BC1499518625}.Release|x86.ActiveCfg = Release|Any CPU
		{E94AD8E6-ED2E-4472-A253-9EE72DBA7915}.Debug|Any CPU.ActiveCfg = Debug|Any CPU
		{E94AD8E6-ED2E-4472-A253-9EE72DBA7915}.Debug|Any CPU.Build.0 = Debug|Any CPU
		{E94AD8E6-ED2E-4472-A253-9EE72DBA7915}.Debug|Mixed Platforms.ActiveCfg = Debug|Any CPU
		{E94AD8E6-ED2E-4472-A253-9EE72DBA7915}.Debug|Mixed Platforms.Build.0 = Debug|Any CPU
		{E94AD8E6-ED2E-4472-A253-9EE72DBA7915}.Debug|x86.ActiveCfg = Debug|Any CPU
		{E94AD8E6-ED2E-4472-A253-9EE72DBA7915}.Release|Any CPU.ActiveCfg = Release|Any CPU
		{E94AD8E6-ED2E-4472-A253-9EE72DBA7915}.Release|Any CPU.Build.0 = Release|Any CPU
		{E94AD8E6-ED2E-4472-A253-9EE72DBA7915}.Release|Mixed Platforms.ActiveCfg = Release|Any CPU
		{E94AD8E6-ED2E-4472-A253-9EE72DBA7915}.Release|Mixed Platforms.Build.0 = Release|Any CPU
		{E94AD8E6-ED2E-4472-A253-9EE72DBA7915}.Release|x86.ActiveCfg = Release|Any CPU
		{9C8AA501-8278-41FB-AEF3-43CC8D3184A7}.Debug|Any CPU.ActiveCfg = Debug|Any CPU
		{9C8AA501-8278-41FB-AEF3-43CC8D3184A7}.Debug|Any CPU.Build.0 = Debug|Any CPU
		{9C8AA501-8278-41FB-AEF3-43CC8D3184A7}.Debug|Mixed Platforms.ActiveCfg = Debug|Any CPU
		{9C8AA501-8278-41FB-AEF3-43CC8D3184A7}.Debug|Mixed Platforms.Build.0 = Debug|Any CPU
		{9C8AA501-8278-41FB-AEF3-43CC8D3184A7}.Debug|x86.ActiveCfg = Debug|Any CPU
		{9C8AA501-8278-41FB-AEF3-43CC8D3184A7}.Release|Any CPU.ActiveCfg = Release|Any CPU
		{9C8AA501-8278-41FB-AEF3-43CC8D3184A7}.Release|Any CPU.Build.0 = Release|Any CPU
		{9C8AA501-8278-41FB-AEF3-43CC8D3184A7}.Release|Mixed Platforms.ActiveCfg = Release|Any CPU
		{9C8AA501-8278-41FB-AEF3-43CC8D3184A7}.Release|Mixed Platforms.Build.0 = Release|Any CPU
		{9C8AA501-8278-41FB-AEF3-43CC8D3184A7}.Release|x86.ActiveCfg = Release|Any CPU
		{F5285D05-D1E0-43D9-A88B-5636F6719F1E}.Debug|Any CPU.ActiveCfg = Debug|Any CPU
		{F5285D05-D1E0-43D9-A88B-5636F6719F1E}.Debug|Any CPU.Build.0 = Debug|Any CPU
		{F5285D05-D1E0-43D9-A88B-5636F6719F1E}.Debug|Mixed Platforms.ActiveCfg = Debug|Any CPU
		{F5285D05-D1E0-43D9-A88B-5636F6719F1E}.Debug|Mixed Platforms.Build.0 = Debug|Any CPU
		{F5285D05-D1E0-43D9-A88B-5636F6719F1E}.Debug|x86.ActiveCfg = Debug|Any CPU
		{F5285D05-D1E0-43D9-A88B-5636F6719F1E}.Release|Any CPU.ActiveCfg = Release|Any CPU
		{F5285D05-D1E0-43D9-A88B-5636F6719F1E}.Release|Any CPU.Build.0 = Release|Any CPU
		{F5285D05-D1E0-43D9-A88B-5636F6719F1E}.Release|Mixed Platforms.ActiveCfg = Release|Any CPU
		{F5285D05-D1E0-43D9-A88B-5636F6719F1E}.Release|Mixed Platforms.Build.0 = Release|Any CPU
		{F5285D05-D1E0-43D9-A88B-5636F6719F1E}.Release|x86.ActiveCfg = Release|Any CPU
		{8EDC3E88-99E1-4DF0-871E-D2B19B75F74D}.Debug|Any CPU.ActiveCfg = Debug|Any CPU
		{8EDC3E88-99E1-4DF0-871E-D2B19B75F74D}.Debug|Any CPU.Build.0 = Debug|Any CPU
		{8EDC3E88-99E1-4DF0-871E-D2B19B75F74D}.Debug|Mixed Platforms.ActiveCfg = Debug|Any CPU
		{8EDC3E88-99E1-4DF0-871E-D2B19B75F74D}.Debug|Mixed Platforms.Build.0 = Debug|Any CPU
		{8EDC3E88-99E1-4DF0-871E-D2B19B75F74D}.Debug|x86.ActiveCfg = Debug|Any CPU
		{8EDC3E88-99E1-4DF0-871E-D2B19B75F74D}.Release|Any CPU.ActiveCfg = Release|Any CPU
		{8EDC3E88-99E1-4DF0-871E-D2B19B75F74D}.Release|Any CPU.Build.0 = Release|Any CPU
		{8EDC3E88-99E1-4DF0-871E-D2B19B75F74D}.Release|Mixed Platforms.ActiveCfg = Release|Any CPU
		{8EDC3E88-99E1-4DF0-871E-D2B19B75F74D}.Release|Mixed Platforms.Build.0 = Release|Any CPU
		{8EDC3E88-99E1-4DF0-871E-D2B19B75F74D}.Release|x86.ActiveCfg = Release|Any CPU
		{55B50642-E3FE-4742-A445-10C558B2A902}.Debug|Any CPU.ActiveCfg = Debug|Any CPU
		{55B50642-E3FE-4742-A445-10C558B2A902}.Debug|Any CPU.Build.0 = Debug|Any CPU
		{55B50642-E3FE-4742-A445-10C558B2A902}.Debug|Mixed Platforms.ActiveCfg = Debug|Any CPU
		{55B50642-E3FE-4742-A445-10C558B2A902}.Debug|Mixed Platforms.Build.0 = Debug|Any CPU
		{55B50642-E3FE-4742-A445-10C558B2A902}.Debug|x86.ActiveCfg = Debug|Any CPU
		{55B50642-E3FE-4742-A445-10C558B2A902}.Release|Any CPU.ActiveCfg = Release|Any CPU
		{55B50642-E3FE-4742-A445-10C558B2A902}.Release|Any CPU.Build.0 = Release|Any CPU
		{55B50642-E3FE-4742-A445-10C558B2A902}.Release|Mixed Platforms.ActiveCfg = Release|Any CPU
		{55B50642-E3FE-4742-A445-10C558B2A902}.Release|Mixed Platforms.Build.0 = Release|Any CPU
		{55B50642-E3FE-4742-A445-10C558B2A902}.Release|x86.ActiveCfg = Release|Any CPU
		{81A75A8E-58F5-4A9D-B856-B8C981558B67}.Debug|Any CPU.ActiveCfg = Debug|Any CPU
		{81A75A8E-58F5-4A9D-B856-B8C981558B67}.Debug|Any CPU.Build.0 = Debug|Any CPU
		{81A75A8E-58F5-4A9D-B856-B8C981558B67}.Debug|Mixed Platforms.ActiveCfg = Debug|Any CPU
		{81A75A8E-58F5-4A9D-B856-B8C981558B67}.Debug|Mixed Platforms.Build.0 = Debug|Any CPU
		{81A75A8E-58F5-4A9D-B856-B8C981558B67}.Debug|x86.ActiveCfg = Debug|Any CPU
		{81A75A8E-58F5-4A9D-B856-B8C981558B67}.Release|Any CPU.ActiveCfg = Release|Any CPU
		{81A75A8E-58F5-4A9D-B856-B8C981558B67}.Release|Any CPU.Build.0 = Release|Any CPU
		{81A75A8E-58F5-4A9D-B856-B8C981558B67}.Release|Mixed Platforms.ActiveCfg = Release|Any CPU
		{81A75A8E-58F5-4A9D-B856-B8C981558B67}.Release|Mixed Platforms.Build.0 = Release|Any CPU
		{81A75A8E-58F5-4A9D-B856-B8C981558B67}.Release|x86.ActiveCfg = Release|Any CPU
		{DA3262FB-3B40-4750-A5E9-5A2C6E87F04C}.Debug|Any CPU.ActiveCfg = Debug|Any CPU
		{DA3262FB-3B40-4750-A5E9-5A2C6E87F04C}.Debug|Any CPU.Build.0 = Debug|Any CPU
		{DA3262FB-3B40-4750-A5E9-5A2C6E87F04C}.Debug|Mixed Platforms.ActiveCfg = Debug|Any CPU
		{DA3262FB-3B40-4750-A5E9-5A2C6E87F04C}.Debug|Mixed Platforms.Build.0 = Debug|Any CPU
		{DA3262FB-3B40-4750-A5E9-5A2C6E87F04C}.Debug|x86.ActiveCfg = Debug|Any CPU
		{DA3262FB-3B40-4750-A5E9-5A2C6E87F04C}.Release|Any CPU.ActiveCfg = Release|Any CPU
		{DA3262FB-3B40-4750-A5E9-5A2C6E87F04C}.Release|Any CPU.Build.0 = Release|Any CPU
		{DA3262FB-3B40-4750-A5E9-5A2C6E87F04C}.Release|Mixed Platforms.ActiveCfg = Release|Any CPU
		{DA3262FB-3B40-4750-A5E9-5A2C6E87F04C}.Release|Mixed Platforms.Build.0 = Release|Any CPU
		{DA3262FB-3B40-4750-A5E9-5A2C6E87F04C}.Release|x86.ActiveCfg = Release|Any CPU
		{EAD24DF6-3EF9-4B9F-BC6E-23436C4B16DE}.Debug|Any CPU.ActiveCfg = Debug|Any CPU
		{EAD24DF6-3EF9-4B9F-BC6E-23436C4B16DE}.Debug|Any CPU.Build.0 = Debug|Any CPU
		{EAD24DF6-3EF9-4B9F-BC6E-23436C4B16DE}.Debug|Mixed Platforms.ActiveCfg = Debug|Any CPU
		{EAD24DF6-3EF9-4B9F-BC6E-23436C4B16DE}.Debug|Mixed Platforms.Build.0 = Debug|Any CPU
		{EAD24DF6-3EF9-4B9F-BC6E-23436C4B16DE}.Debug|x86.ActiveCfg = Debug|Any CPU
		{EAD24DF6-3EF9-4B9F-BC6E-23436C4B16DE}.Release|Any CPU.ActiveCfg = Release|Any CPU
		{EAD24DF6-3EF9-4B9F-BC6E-23436C4B16DE}.Release|Any CPU.Build.0 = Release|Any CPU
		{EAD24DF6-3EF9-4B9F-BC6E-23436C4B16DE}.Release|Mixed Platforms.ActiveCfg = Release|Any CPU
		{EAD24DF6-3EF9-4B9F-BC6E-23436C4B16DE}.Release|Mixed Platforms.Build.0 = Release|Any CPU
		{EAD24DF6-3EF9-4B9F-BC6E-23436C4B16DE}.Release|x86.ActiveCfg = Release|Any CPU
		{83008678-0C79-4E48-BC3D-D9B4580DF56A}.Debug|Any CPU.ActiveCfg = Debug|Any CPU
		{83008678-0C79-4E48-BC3D-D9B4580DF56A}.Debug|Any CPU.Build.0 = Debug|Any CPU
		{83008678-0C79-4E48-BC3D-D9B4580DF56A}.Debug|Mixed Platforms.ActiveCfg = Debug|Any CPU
		{83008678-0C79-4E48-BC3D-D9B4580DF56A}.Debug|Mixed Platforms.Build.0 = Debug|Any CPU
		{83008678-0C79-4E48-BC3D-D9B4580DF56A}.Debug|x86.ActiveCfg = Debug|Any CPU
		{83008678-0C79-4E48-BC3D-D9B4580DF56A}.Release|Any CPU.ActiveCfg = Release|Any CPU
		{83008678-0C79-4E48-BC3D-D9B4580DF56A}.Release|Any CPU.Build.0 = Release|Any CPU
		{83008678-0C79-4E48-BC3D-D9B4580DF56A}.Release|Mixed Platforms.ActiveCfg = Release|Any CPU
		{83008678-0C79-4E48-BC3D-D9B4580DF56A}.Release|Mixed Platforms.Build.0 = Release|Any CPU
		{83008678-0C79-4E48-BC3D-D9B4580DF56A}.Release|x86.ActiveCfg = Release|Any CPU
		{3CFDFF57-C4FB-4949-9C1E-7FE3B805957C}.Debug|Any CPU.ActiveCfg = Debug|Any CPU
		{3CFDFF57-C4FB-4949-9C1E-7FE3B805957C}.Debug|Any CPU.Build.0 = Debug|Any CPU
		{3CFDFF57-C4FB-4949-9C1E-7FE3B805957C}.Debug|Mixed Platforms.ActiveCfg = Debug|Any CPU
		{3CFDFF57-C4FB-4949-9C1E-7FE3B805957C}.Debug|Mixed Platforms.Build.0 = Debug|Any CPU
		{3CFDFF57-C4FB-4949-9C1E-7FE3B805957C}.Debug|x86.ActiveCfg = Debug|Any CPU
		{3CFDFF57-C4FB-4949-9C1E-7FE3B805957C}.Release|Any CPU.ActiveCfg = Release|Any CPU
		{3CFDFF57-C4FB-4949-9C1E-7FE3B805957C}.Release|Any CPU.Build.0 = Release|Any CPU
		{3CFDFF57-C4FB-4949-9C1E-7FE3B805957C}.Release|Mixed Platforms.ActiveCfg = Release|Any CPU
		{3CFDFF57-C4FB-4949-9C1E-7FE3B805957C}.Release|Mixed Platforms.Build.0 = Release|Any CPU
		{3CFDFF57-C4FB-4949-9C1E-7FE3B805957C}.Release|x86.ActiveCfg = Release|Any CPU
		{A511450D-26CB-4D17-92B1-4C9A331B5290}.Debug|Any CPU.ActiveCfg = Debug|Any CPU
		{A511450D-26CB-4D17-92B1-4C9A331B5290}.Debug|Any CPU.Build.0 = Debug|Any CPU
		{A511450D-26CB-4D17-92B1-4C9A331B5290}.Debug|Mixed Platforms.ActiveCfg = Debug|Any CPU
		{A511450D-26CB-4D17-92B1-4C9A331B5290}.Debug|Mixed Platforms.Build.0 = Debug|Any CPU
		{A511450D-26CB-4D17-92B1-4C9A331B5290}.Debug|x86.ActiveCfg = Debug|Any CPU
		{A511450D-26CB-4D17-92B1-4C9A331B5290}.Release|Any CPU.ActiveCfg = Release|Any CPU
		{A511450D-26CB-4D17-92B1-4C9A331B5290}.Release|Any CPU.Build.0 = Release|Any CPU
		{A511450D-26CB-4D17-92B1-4C9A331B5290}.Release|Mixed Platforms.ActiveCfg = Release|Any CPU
		{A511450D-26CB-4D17-92B1-4C9A331B5290}.Release|Mixed Platforms.Build.0 = Release|Any CPU
		{A511450D-26CB-4D17-92B1-4C9A331B5290}.Release|x86.ActiveCfg = Release|Any CPU
		{5E70D036-3982-4D9F-95CA-197E616D7F59}.Debug|Any CPU.ActiveCfg = Debug|Any CPU
		{5E70D036-3982-4D9F-95CA-197E616D7F59}.Debug|Any CPU.Build.0 = Debug|Any CPU
		{5E70D036-3982-4D9F-95CA-197E616D7F59}.Debug|Mixed Platforms.ActiveCfg = Debug|Any CPU
		{5E70D036-3982-4D9F-95CA-197E616D7F59}.Debug|Mixed Platforms.Build.0 = Debug|Any CPU
		{5E70D036-3982-4D9F-95CA-197E616D7F59}.Debug|x86.ActiveCfg = Debug|Any CPU
		{5E70D036-3982-4D9F-95CA-197E616D7F59}.Release|Any CPU.ActiveCfg = Release|Any CPU
		{5E70D036-3982-4D9F-95CA-197E616D7F59}.Release|Any CPU.Build.0 = Release|Any CPU
		{5E70D036-3982-4D9F-95CA-197E616D7F59}.Release|Mixed Platforms.ActiveCfg = Release|Any CPU
		{5E70D036-3982-4D9F-95CA-197E616D7F59}.Release|Mixed Platforms.Build.0 = Release|Any CPU
		{5E70D036-3982-4D9F-95CA-197E616D7F59}.Release|x86.ActiveCfg = Release|Any CPU
		{890131A9-84AF-48EB-9DA7-27FA48C3A81C}.Debug|Any CPU.ActiveCfg = Debug|Any CPU
		{890131A9-84AF-48EB-9DA7-27FA48C3A81C}.Debug|Any CPU.Build.0 = Debug|Any CPU
		{890131A9-84AF-48EB-9DA7-27FA48C3A81C}.Debug|Mixed Platforms.ActiveCfg = Debug|Any CPU
		{890131A9-84AF-48EB-9DA7-27FA48C3A81C}.Debug|Mixed Platforms.Build.0 = Debug|Any CPU
		{890131A9-84AF-48EB-9DA7-27FA48C3A81C}.Debug|x86.ActiveCfg = Debug|Any CPU
		{890131A9-84AF-48EB-9DA7-27FA48C3A81C}.Release|Any CPU.ActiveCfg = Release|Any CPU
		{890131A9-84AF-48EB-9DA7-27FA48C3A81C}.Release|Any CPU.Build.0 = Release|Any CPU
		{890131A9-84AF-48EB-9DA7-27FA48C3A81C}.Release|Mixed Platforms.ActiveCfg = Release|Any CPU
		{890131A9-84AF-48EB-9DA7-27FA48C3A81C}.Release|Mixed Platforms.Build.0 = Release|Any CPU
		{890131A9-84AF-48EB-9DA7-27FA48C3A81C}.Release|x86.ActiveCfg = Release|Any CPU
		{B62CCD6E-FDF4-4FC1-B998-43F49AC17510}.Debug|Any CPU.ActiveCfg = Debug|Any CPU
		{B62CCD6E-FDF4-4FC1-B998-43F49AC17510}.Debug|Any CPU.Build.0 = Debug|Any CPU
		{B62CCD6E-FDF4-4FC1-B998-43F49AC17510}.Debug|Mixed Platforms.ActiveCfg = Debug|Any CPU
		{B62CCD6E-FDF4-4FC1-B998-43F49AC17510}.Debug|Mixed Platforms.Build.0 = Debug|Any CPU
		{B62CCD6E-FDF4-4FC1-B998-43F49AC17510}.Debug|x86.ActiveCfg = Debug|Any CPU
		{B62CCD6E-FDF4-4FC1-B998-43F49AC17510}.Release|Any CPU.ActiveCfg = Release|Any CPU
		{B62CCD6E-FDF4-4FC1-B998-43F49AC17510}.Release|Any CPU.Build.0 = Release|Any CPU
		{B62CCD6E-FDF4-4FC1-B998-43F49AC17510}.Release|Mixed Platforms.ActiveCfg = Release|Any CPU
		{B62CCD6E-FDF4-4FC1-B998-43F49AC17510}.Release|Mixed Platforms.Build.0 = Release|Any CPU
		{B62CCD6E-FDF4-4FC1-B998-43F49AC17510}.Release|x86.ActiveCfg = Release|Any CPU
		{C1716C1B-995A-481B-8853-1B984F75BE45}.Debug|Any CPU.ActiveCfg = Debug|Any CPU
		{C1716C1B-995A-481B-8853-1B984F75BE45}.Debug|Any CPU.Build.0 = Debug|Any CPU
		{C1716C1B-995A-481B-8853-1B984F75BE45}.Debug|Mixed Platforms.ActiveCfg = Debug|Any CPU
		{C1716C1B-995A-481B-8853-1B984F75BE45}.Debug|Mixed Platforms.Build.0 = Debug|Any CPU
		{C1716C1B-995A-481B-8853-1B984F75BE45}.Debug|x86.ActiveCfg = Debug|Any CPU
		{C1716C1B-995A-481B-8853-1B984F75BE45}.Release|Any CPU.ActiveCfg = Release|Any CPU
		{C1716C1B-995A-481B-8853-1B984F75BE45}.Release|Any CPU.Build.0 = Release|Any CPU
		{C1716C1B-995A-481B-8853-1B984F75BE45}.Release|Mixed Platforms.ActiveCfg = Release|Any CPU
		{C1716C1B-995A-481B-8853-1B984F75BE45}.Release|Mixed Platforms.Build.0 = Release|Any CPU
		{C1716C1B-995A-481B-8853-1B984F75BE45}.Release|x86.ActiveCfg = Release|Any CPU
		{F0616305-50AD-4780-A762-575F0050E614}.Debug|Any CPU.ActiveCfg = Debug|Any CPU
		{F0616305-50AD-4780-A762-575F0050E614}.Debug|Any CPU.Build.0 = Debug|Any CPU
		{F0616305-50AD-4780-A762-575F0050E614}.Debug|Mixed Platforms.ActiveCfg = Debug|Any CPU
		{F0616305-50AD-4780-A762-575F0050E614}.Debug|Mixed Platforms.Build.0 = Debug|Any CPU
		{F0616305-50AD-4780-A762-575F0050E614}.Debug|x86.ActiveCfg = Debug|Any CPU
		{F0616305-50AD-4780-A762-575F0050E614}.Release|Any CPU.ActiveCfg = Release|Any CPU
		{F0616305-50AD-4780-A762-575F0050E614}.Release|Any CPU.Build.0 = Release|Any CPU
		{F0616305-50AD-4780-A762-575F0050E614}.Release|Mixed Platforms.ActiveCfg = Release|Any CPU
		{F0616305-50AD-4780-A762-575F0050E614}.Release|Mixed Platforms.Build.0 = Release|Any CPU
		{F0616305-50AD-4780-A762-575F0050E614}.Release|x86.ActiveCfg = Release|Any CPU
		{51075C18-6CE2-45D6-AD6B-1F5339F5B8BB}.Debug|Any CPU.ActiveCfg = Debug|Any CPU
		{51075C18-6CE2-45D6-AD6B-1F5339F5B8BB}.Debug|Any CPU.Build.0 = Debug|Any CPU
		{51075C18-6CE2-45D6-AD6B-1F5339F5B8BB}.Debug|Mixed Platforms.ActiveCfg = Debug|Any CPU
		{51075C18-6CE2-45D6-AD6B-1F5339F5B8BB}.Debug|Mixed Platforms.Build.0 = Debug|Any CPU
		{51075C18-6CE2-45D6-AD6B-1F5339F5B8BB}.Debug|x86.ActiveCfg = Debug|Any CPU
		{51075C18-6CE2-45D6-AD6B-1F5339F5B8BB}.Release|Any CPU.ActiveCfg = Release|Any CPU
		{51075C18-6CE2-45D6-AD6B-1F5339F5B8BB}.Release|Any CPU.Build.0 = Release|Any CPU
		{51075C18-6CE2-45D6-AD6B-1F5339F5B8BB}.Release|Mixed Platforms.ActiveCfg = Release|Any CPU
		{51075C18-6CE2-45D6-AD6B-1F5339F5B8BB}.Release|Mixed Platforms.Build.0 = Release|Any CPU
		{51075C18-6CE2-45D6-AD6B-1F5339F5B8BB}.Release|x86.ActiveCfg = Release|Any CPU
		{41443CBE-4FA7-42D7-9B70-3035F4EFE763}.Debug|Any CPU.ActiveCfg = Debug|Any CPU
		{41443CBE-4FA7-42D7-9B70-3035F4EFE763}.Debug|Any CPU.Build.0 = Debug|Any CPU
		{41443CBE-4FA7-42D7-9B70-3035F4EFE763}.Debug|Mixed Platforms.ActiveCfg = Debug|Any CPU
		{41443CBE-4FA7-42D7-9B70-3035F4EFE763}.Debug|Mixed Platforms.Build.0 = Debug|Any CPU
		{41443CBE-4FA7-42D7-9B70-3035F4EFE763}.Debug|x86.ActiveCfg = Debug|Any CPU
		{41443CBE-4FA7-42D7-9B70-3035F4EFE763}.Release|Any CPU.ActiveCfg = Release|Any CPU
		{41443CBE-4FA7-42D7-9B70-3035F4EFE763}.Release|Any CPU.Build.0 = Release|Any CPU
		{41443CBE-4FA7-42D7-9B70-3035F4EFE763}.Release|Mixed Platforms.ActiveCfg = Release|Any CPU
		{41443CBE-4FA7-42D7-9B70-3035F4EFE763}.Release|Mixed Platforms.Build.0 = Release|Any CPU
		{41443CBE-4FA7-42D7-9B70-3035F4EFE763}.Release|x86.ActiveCfg = Release|Any CPU
		{66625F31-AB7B-44E4-AE75-E27F84ADC11F}.Debug|Any CPU.ActiveCfg = Debug|Any CPU
		{66625F31-AB7B-44E4-AE75-E27F84ADC11F}.Debug|Any CPU.Build.0 = Debug|Any CPU
		{66625F31-AB7B-44E4-AE75-E27F84ADC11F}.Debug|Mixed Platforms.ActiveCfg = Debug|Any CPU
		{66625F31-AB7B-44E4-AE75-E27F84ADC11F}.Debug|Mixed Platforms.Build.0 = Debug|Any CPU
		{66625F31-AB7B-44E4-AE75-E27F84ADC11F}.Debug|x86.ActiveCfg = Debug|Any CPU
		{66625F31-AB7B-44E4-AE75-E27F84ADC11F}.Release|Any CPU.ActiveCfg = Release|Any CPU
		{66625F31-AB7B-44E4-AE75-E27F84ADC11F}.Release|Any CPU.Build.0 = Release|Any CPU
		{66625F31-AB7B-44E4-AE75-E27F84ADC11F}.Release|Mixed Platforms.ActiveCfg = Release|Any CPU
		{66625F31-AB7B-44E4-AE75-E27F84ADC11F}.Release|Mixed Platforms.Build.0 = Release|Any CPU
		{66625F31-AB7B-44E4-AE75-E27F84ADC11F}.Release|x86.ActiveCfg = Release|Any CPU
		{D7C1E3E7-2FF0-444F-BF07-B02E964ACF3D}.Debug|Any CPU.ActiveCfg = Debug|Any CPU
		{D7C1E3E7-2FF0-444F-BF07-B02E964ACF3D}.Debug|Any CPU.Build.0 = Debug|Any CPU
		{D7C1E3E7-2FF0-444F-BF07-B02E964ACF3D}.Debug|Mixed Platforms.ActiveCfg = Debug|Any CPU
		{D7C1E3E7-2FF0-444F-BF07-B02E964ACF3D}.Debug|Mixed Platforms.Build.0 = Debug|Any CPU
		{D7C1E3E7-2FF0-444F-BF07-B02E964ACF3D}.Debug|x86.ActiveCfg = Debug|Any CPU
		{D7C1E3E7-2FF0-444F-BF07-B02E964ACF3D}.Release|Any CPU.ActiveCfg = Release|Any CPU
		{D7C1E3E7-2FF0-444F-BF07-B02E964ACF3D}.Release|Any CPU.Build.0 = Release|Any CPU
		{D7C1E3E7-2FF0-444F-BF07-B02E964ACF3D}.Release|Mixed Platforms.ActiveCfg = Release|Any CPU
		{D7C1E3E7-2FF0-444F-BF07-B02E964ACF3D}.Release|Mixed Platforms.Build.0 = Release|Any CPU
		{D7C1E3E7-2FF0-444F-BF07-B02E964ACF3D}.Release|x86.ActiveCfg = Release|Any CPU
		{353BFBC5-A0B4-4EDD-81EA-52C2FEF828AD}.Debug|Any CPU.ActiveCfg = Debug|Any CPU
		{353BFBC5-A0B4-4EDD-81EA-52C2FEF828AD}.Debug|Any CPU.Build.0 = Debug|Any CPU
		{353BFBC5-A0B4-4EDD-81EA-52C2FEF828AD}.Debug|Mixed Platforms.ActiveCfg = Debug|Any CPU
		{353BFBC5-A0B4-4EDD-81EA-52C2FEF828AD}.Debug|Mixed Platforms.Build.0 = Debug|Any CPU
		{353BFBC5-A0B4-4EDD-81EA-52C2FEF828AD}.Debug|x86.ActiveCfg = Debug|Any CPU
		{353BFBC5-A0B4-4EDD-81EA-52C2FEF828AD}.Release|Any CPU.ActiveCfg = Release|Any CPU
		{353BFBC5-A0B4-4EDD-81EA-52C2FEF828AD}.Release|Any CPU.Build.0 = Release|Any CPU
		{353BFBC5-A0B4-4EDD-81EA-52C2FEF828AD}.Release|Mixed Platforms.ActiveCfg = Release|Any CPU
		{353BFBC5-A0B4-4EDD-81EA-52C2FEF828AD}.Release|Mixed Platforms.Build.0 = Release|Any CPU
		{353BFBC5-A0B4-4EDD-81EA-52C2FEF828AD}.Release|x86.ActiveCfg = Release|Any CPU
		{2EBE2784-D378-4C1C-BF1F-E24E0B64F0F6}.Debug|Any CPU.ActiveCfg = Debug|Any CPU
		{2EBE2784-D378-4C1C-BF1F-E24E0B64F0F6}.Debug|Any CPU.Build.0 = Debug|Any CPU
		{2EBE2784-D378-4C1C-BF1F-E24E0B64F0F6}.Debug|Mixed Platforms.ActiveCfg = Debug|Any CPU
		{2EBE2784-D378-4C1C-BF1F-E24E0B64F0F6}.Debug|Mixed Platforms.Build.0 = Debug|Any CPU
		{2EBE2784-D378-4C1C-BF1F-E24E0B64F0F6}.Debug|x86.ActiveCfg = Debug|Any CPU
		{2EBE2784-D378-4C1C-BF1F-E24E0B64F0F6}.Release|Any CPU.ActiveCfg = Release|Any CPU
		{2EBE2784-D378-4C1C-BF1F-E24E0B64F0F6}.Release|Any CPU.Build.0 = Release|Any CPU
		{2EBE2784-D378-4C1C-BF1F-E24E0B64F0F6}.Release|Mixed Platforms.ActiveCfg = Release|Any CPU
		{2EBE2784-D378-4C1C-BF1F-E24E0B64F0F6}.Release|Mixed Platforms.Build.0 = Release|Any CPU
		{2EBE2784-D378-4C1C-BF1F-E24E0B64F0F6}.Release|x86.ActiveCfg = Release|Any CPU
		{E03FBAA1-A043-48E9-9635-00459F61F026}.Debug|Any CPU.ActiveCfg = Debug|Any CPU
		{E03FBAA1-A043-48E9-9635-00459F61F026}.Debug|Any CPU.Build.0 = Debug|Any CPU
		{E03FBAA1-A043-48E9-9635-00459F61F026}.Debug|Mixed Platforms.ActiveCfg = Debug|Any CPU
		{E03FBAA1-A043-48E9-9635-00459F61F026}.Debug|Mixed Platforms.Build.0 = Debug|Any CPU
		{E03FBAA1-A043-48E9-9635-00459F61F026}.Debug|x86.ActiveCfg = Debug|Any CPU
		{E03FBAA1-A043-48E9-9635-00459F61F026}.Release|Any CPU.ActiveCfg = Release|Any CPU
		{E03FBAA1-A043-48E9-9635-00459F61F026}.Release|Any CPU.Build.0 = Release|Any CPU
		{E03FBAA1-A043-48E9-9635-00459F61F026}.Release|Mixed Platforms.ActiveCfg = Release|Any CPU
		{E03FBAA1-A043-48E9-9635-00459F61F026}.Release|Mixed Platforms.Build.0 = Release|Any CPU
		{E03FBAA1-A043-48E9-9635-00459F61F026}.Release|x86.ActiveCfg = Release|Any CPU
		{FBD5D516-5FD9-493E-9927-584382CBE020}.Debug|Any CPU.ActiveCfg = Debug|Any CPU
		{FBD5D516-5FD9-493E-9927-584382CBE020}.Debug|Any CPU.Build.0 = Debug|Any CPU
		{FBD5D516-5FD9-493E-9927-584382CBE020}.Debug|Mixed Platforms.ActiveCfg = Debug|Any CPU
		{FBD5D516-5FD9-493E-9927-584382CBE020}.Debug|Mixed Platforms.Build.0 = Debug|Any CPU
		{FBD5D516-5FD9-493E-9927-584382CBE020}.Debug|x86.ActiveCfg = Debug|Any CPU
		{FBD5D516-5FD9-493E-9927-584382CBE020}.Release|Any CPU.ActiveCfg = Release|Any CPU
		{FBD5D516-5FD9-493E-9927-584382CBE020}.Release|Any CPU.Build.0 = Release|Any CPU
		{FBD5D516-5FD9-493E-9927-584382CBE020}.Release|Mixed Platforms.ActiveCfg = Release|Any CPU
		{FBD5D516-5FD9-493E-9927-584382CBE020}.Release|Mixed Platforms.Build.0 = Release|Any CPU
		{FBD5D516-5FD9-493E-9927-584382CBE020}.Release|x86.ActiveCfg = Release|Any CPU
		{0000B7FB-F8E5-4C27-A175-97894FF2215F}.Debug|Any CPU.ActiveCfg = Debug|Any CPU
		{0000B7FB-F8E5-4C27-A175-97894FF2215F}.Debug|Any CPU.Build.0 = Debug|Any CPU
		{0000B7FB-F8E5-4C27-A175-97894FF2215F}.Debug|Mixed Platforms.ActiveCfg = Debug|Any CPU
		{0000B7FB-F8E5-4C27-A175-97894FF2215F}.Debug|Mixed Platforms.Build.0 = Debug|Any CPU
		{0000B7FB-F8E5-4C27-A175-97894FF2215F}.Debug|x86.ActiveCfg = Debug|Any CPU
		{0000B7FB-F8E5-4C27-A175-97894FF2215F}.Release|Any CPU.ActiveCfg = Release|Any CPU
		{0000B7FB-F8E5-4C27-A175-97894FF2215F}.Release|Any CPU.Build.0 = Release|Any CPU
		{0000B7FB-F8E5-4C27-A175-97894FF2215F}.Release|Mixed Platforms.ActiveCfg = Release|Any CPU
		{0000B7FB-F8E5-4C27-A175-97894FF2215F}.Release|Mixed Platforms.Build.0 = Release|Any CPU
		{0000B7FB-F8E5-4C27-A175-97894FF2215F}.Release|x86.ActiveCfg = Release|Any CPU
		{EC1A9F29-D86A-471A-9C75-A5275F1CE861}.Debug|Any CPU.ActiveCfg = Debug|Any CPU
		{EC1A9F29-D86A-471A-9C75-A5275F1CE861}.Debug|Any CPU.Build.0 = Debug|Any CPU
		{EC1A9F29-D86A-471A-9C75-A5275F1CE861}.Debug|Mixed Platforms.ActiveCfg = Debug|Any CPU
		{EC1A9F29-D86A-471A-9C75-A5275F1CE861}.Debug|Mixed Platforms.Build.0 = Debug|Any CPU
		{EC1A9F29-D86A-471A-9C75-A5275F1CE861}.Debug|x86.ActiveCfg = Debug|Any CPU
		{EC1A9F29-D86A-471A-9C75-A5275F1CE861}.Release|Any CPU.ActiveCfg = Release|Any CPU
		{EC1A9F29-D86A-471A-9C75-A5275F1CE861}.Release|Any CPU.Build.0 = Release|Any CPU
		{EC1A9F29-D86A-471A-9C75-A5275F1CE861}.Release|Mixed Platforms.ActiveCfg = Release|Any CPU
		{EC1A9F29-D86A-471A-9C75-A5275F1CE861}.Release|Mixed Platforms.Build.0 = Release|Any CPU
		{EC1A9F29-D86A-471A-9C75-A5275F1CE861}.Release|x86.ActiveCfg = Release|Any CPU
		{F5B901C1-0019-40C7-82F3-8C306BEC38CE}.Debug|Any CPU.ActiveCfg = Debug|Any CPU
		{F5B901C1-0019-40C7-82F3-8C306BEC38CE}.Debug|Any CPU.Build.0 = Debug|Any CPU
		{F5B901C1-0019-40C7-82F3-8C306BEC38CE}.Debug|Mixed Platforms.ActiveCfg = Debug|Any CPU
		{F5B901C1-0019-40C7-82F3-8C306BEC38CE}.Debug|Mixed Platforms.Build.0 = Debug|Any CPU
		{F5B901C1-0019-40C7-82F3-8C306BEC38CE}.Debug|x86.ActiveCfg = Debug|Any CPU
		{F5B901C1-0019-40C7-82F3-8C306BEC38CE}.Release|Any CPU.ActiveCfg = Release|Any CPU
		{F5B901C1-0019-40C7-82F3-8C306BEC38CE}.Release|Any CPU.Build.0 = Release|Any CPU
		{F5B901C1-0019-40C7-82F3-8C306BEC38CE}.Release|Mixed Platforms.ActiveCfg = Release|Any CPU
		{F5B901C1-0019-40C7-82F3-8C306BEC38CE}.Release|Mixed Platforms.Build.0 = Release|Any CPU
		{F5B901C1-0019-40C7-82F3-8C306BEC38CE}.Release|x86.ActiveCfg = Release|Any CPU
		{78D2D3A6-12B7-42EB-82D6-A77B7FFCFC25}.Debug|Any CPU.ActiveCfg = Debug|Any CPU
		{78D2D3A6-12B7-42EB-82D6-A77B7FFCFC25}.Debug|Any CPU.Build.0 = Debug|Any CPU
		{78D2D3A6-12B7-42EB-82D6-A77B7FFCFC25}.Debug|Mixed Platforms.ActiveCfg = Debug|Any CPU
		{78D2D3A6-12B7-42EB-82D6-A77B7FFCFC25}.Debug|Mixed Platforms.Build.0 = Debug|Any CPU
		{78D2D3A6-12B7-42EB-82D6-A77B7FFCFC25}.Debug|x86.ActiveCfg = Debug|Any CPU
		{78D2D3A6-12B7-42EB-82D6-A77B7FFCFC25}.Release|Any CPU.ActiveCfg = Release|Any CPU
		{78D2D3A6-12B7-42EB-82D6-A77B7FFCFC25}.Release|Any CPU.Build.0 = Release|Any CPU
		{78D2D3A6-12B7-42EB-82D6-A77B7FFCFC25}.Release|Mixed Platforms.ActiveCfg = Release|Any CPU
		{78D2D3A6-12B7-42EB-82D6-A77B7FFCFC25}.Release|Mixed Platforms.Build.0 = Release|Any CPU
		{78D2D3A6-12B7-42EB-82D6-A77B7FFCFC25}.Release|x86.ActiveCfg = Release|Any CPU
		{E8A74E2F-C2CA-4DC6-A97A-67C6C03FBDE6}.Debug|Any CPU.ActiveCfg = Debug|Any CPU
		{E8A74E2F-C2CA-4DC6-A97A-67C6C03FBDE6}.Debug|Any CPU.Build.0 = Debug|Any CPU
		{E8A74E2F-C2CA-4DC6-A97A-67C6C03FBDE6}.Debug|Mixed Platforms.ActiveCfg = Debug|Any CPU
		{E8A74E2F-C2CA-4DC6-A97A-67C6C03FBDE6}.Debug|Mixed Platforms.Build.0 = Debug|Any CPU
		{E8A74E2F-C2CA-4DC6-A97A-67C6C03FBDE6}.Debug|x86.ActiveCfg = Debug|Any CPU
		{E8A74E2F-C2CA-4DC6-A97A-67C6C03FBDE6}.Release|Any CPU.ActiveCfg = Release|Any CPU
		{E8A74E2F-C2CA-4DC6-A97A-67C6C03FBDE6}.Release|Any CPU.Build.0 = Release|Any CPU
		{E8A74E2F-C2CA-4DC6-A97A-67C6C03FBDE6}.Release|Mixed Platforms.ActiveCfg = Release|Any CPU
		{E8A74E2F-C2CA-4DC6-A97A-67C6C03FBDE6}.Release|Mixed Platforms.Build.0 = Release|Any CPU
		{E8A74E2F-C2CA-4DC6-A97A-67C6C03FBDE6}.Release|x86.ActiveCfg = Release|Any CPU
		{A71BF1C0-9AD8-4D4F-B977-DE77A83FAF79}.Debug|Any CPU.ActiveCfg = Debug|Any CPU
		{A71BF1C0-9AD8-4D4F-B977-DE77A83FAF79}.Debug|Any CPU.Build.0 = Debug|Any CPU
		{A71BF1C0-9AD8-4D4F-B977-DE77A83FAF79}.Debug|Mixed Platforms.ActiveCfg = Debug|Any CPU
		{A71BF1C0-9AD8-4D4F-B977-DE77A83FAF79}.Debug|Mixed Platforms.Build.0 = Debug|Any CPU
		{A71BF1C0-9AD8-4D4F-B977-DE77A83FAF79}.Debug|x86.ActiveCfg = Debug|Any CPU
		{A71BF1C0-9AD8-4D4F-B977-DE77A83FAF79}.Release|Any CPU.ActiveCfg = Release|Any CPU
		{A71BF1C0-9AD8-4D4F-B977-DE77A83FAF79}.Release|Any CPU.Build.0 = Release|Any CPU
		{A71BF1C0-9AD8-4D4F-B977-DE77A83FAF79}.Release|Mixed Platforms.ActiveCfg = Release|Any CPU
		{A71BF1C0-9AD8-4D4F-B977-DE77A83FAF79}.Release|Mixed Platforms.Build.0 = Release|Any CPU
		{A71BF1C0-9AD8-4D4F-B977-DE77A83FAF79}.Release|x86.ActiveCfg = Release|Any CPU
		{005BB7BF-E7B8-40B2-87F1-540D2B627588}.Debug|Any CPU.ActiveCfg = Debug|Any CPU
		{005BB7BF-E7B8-40B2-87F1-540D2B627588}.Debug|Any CPU.Build.0 = Debug|Any CPU
		{005BB7BF-E7B8-40B2-87F1-540D2B627588}.Debug|Mixed Platforms.ActiveCfg = Debug|Any CPU
		{005BB7BF-E7B8-40B2-87F1-540D2B627588}.Debug|Mixed Platforms.Build.0 = Debug|Any CPU
		{005BB7BF-E7B8-40B2-87F1-540D2B627588}.Debug|Mixed Platforms.Deploy.0 = Debug|Any CPU
		{005BB7BF-E7B8-40B2-87F1-540D2B627588}.Debug|x86.ActiveCfg = Debug|Any CPU
		{005BB7BF-E7B8-40B2-87F1-540D2B627588}.Release|Any CPU.ActiveCfg = Release|Any CPU
		{005BB7BF-E7B8-40B2-87F1-540D2B627588}.Release|Any CPU.Build.0 = Release|Any CPU
		{005BB7BF-E7B8-40B2-87F1-540D2B627588}.Release|Mixed Platforms.ActiveCfg = Release|Any CPU
		{005BB7BF-E7B8-40B2-87F1-540D2B627588}.Release|Mixed Platforms.Build.0 = Release|Any CPU
		{005BB7BF-E7B8-40B2-87F1-540D2B627588}.Release|x86.ActiveCfg = Release|Any CPU
		{D178AA1D-3EDC-47E0-A983-8DC829057ED4}.Debug|Any CPU.ActiveCfg = Debug|Any CPU
		{D178AA1D-3EDC-47E0-A983-8DC829057ED4}.Debug|Any CPU.Build.0 = Debug|Any CPU
		{D178AA1D-3EDC-47E0-A983-8DC829057ED4}.Debug|Mixed Platforms.ActiveCfg = Debug|Any CPU
		{D178AA1D-3EDC-47E0-A983-8DC829057ED4}.Debug|Mixed Platforms.Build.0 = Debug|Any CPU
		{D178AA1D-3EDC-47E0-A983-8DC829057ED4}.Debug|x86.ActiveCfg = Debug|Any CPU
		{D178AA1D-3EDC-47E0-A983-8DC829057ED4}.Release|Any CPU.ActiveCfg = Release|Any CPU
		{D178AA1D-3EDC-47E0-A983-8DC829057ED4}.Release|Any CPU.Build.0 = Release|Any CPU
		{D178AA1D-3EDC-47E0-A983-8DC829057ED4}.Release|Mixed Platforms.ActiveCfg = Release|Any CPU
		{D178AA1D-3EDC-47E0-A983-8DC829057ED4}.Release|Mixed Platforms.Build.0 = Release|Any CPU
		{D178AA1D-3EDC-47E0-A983-8DC829057ED4}.Release|x86.ActiveCfg = Release|Any CPU
		{B24EA9E9-FC8D-43DF-B845-180EFDE1621F}.Debug|Any CPU.ActiveCfg = Debug|Any CPU
		{B24EA9E9-FC8D-43DF-B845-180EFDE1621F}.Debug|Any CPU.Build.0 = Debug|Any CPU
		{B24EA9E9-FC8D-43DF-B845-180EFDE1621F}.Debug|Mixed Platforms.ActiveCfg = Debug|Any CPU
		{B24EA9E9-FC8D-43DF-B845-180EFDE1621F}.Debug|Mixed Platforms.Build.0 = Debug|Any CPU
		{B24EA9E9-FC8D-43DF-B845-180EFDE1621F}.Debug|x86.ActiveCfg = Debug|Any CPU
		{B24EA9E9-FC8D-43DF-B845-180EFDE1621F}.Release|Any CPU.ActiveCfg = Release|Any CPU
		{B24EA9E9-FC8D-43DF-B845-180EFDE1621F}.Release|Any CPU.Build.0 = Release|Any CPU
		{B24EA9E9-FC8D-43DF-B845-180EFDE1621F}.Release|Mixed Platforms.ActiveCfg = Release|Any CPU
		{B24EA9E9-FC8D-43DF-B845-180EFDE1621F}.Release|Mixed Platforms.Build.0 = Release|Any CPU
		{B24EA9E9-FC8D-43DF-B845-180EFDE1621F}.Release|x86.ActiveCfg = Release|Any CPU
		{B2326743-38C9-489E-B2FF-61C12EBE293D}.Debug|Any CPU.ActiveCfg = Debug|Any CPU
		{B2326743-38C9-489E-B2FF-61C12EBE293D}.Debug|Any CPU.Build.0 = Debug|Any CPU
		{B2326743-38C9-489E-B2FF-61C12EBE293D}.Debug|Mixed Platforms.ActiveCfg = Debug|Any CPU
		{B2326743-38C9-489E-B2FF-61C12EBE293D}.Debug|Mixed Platforms.Build.0 = Debug|Any CPU
		{B2326743-38C9-489E-B2FF-61C12EBE293D}.Debug|x86.ActiveCfg = Debug|Any CPU
		{B2326743-38C9-489E-B2FF-61C12EBE293D}.Release|Any CPU.ActiveCfg = Release|Any CPU
		{B2326743-38C9-489E-B2FF-61C12EBE293D}.Release|Any CPU.Build.0 = Release|Any CPU
		{B2326743-38C9-489E-B2FF-61C12EBE293D}.Release|Mixed Platforms.ActiveCfg = Release|Any CPU
		{B2326743-38C9-489E-B2FF-61C12EBE293D}.Release|Mixed Platforms.Build.0 = Release|Any CPU
		{B2326743-38C9-489E-B2FF-61C12EBE293D}.Release|x86.ActiveCfg = Release|Any CPU
		{99EC4FC5-7F05-404B-863B-6A79294A26F5}.Debug|Any CPU.ActiveCfg = Debug|Any CPU
		{99EC4FC5-7F05-404B-863B-6A79294A26F5}.Debug|Any CPU.Build.0 = Debug|Any CPU
		{99EC4FC5-7F05-404B-863B-6A79294A26F5}.Debug|Mixed Platforms.ActiveCfg = Debug|Any CPU
		{99EC4FC5-7F05-404B-863B-6A79294A26F5}.Debug|Mixed Platforms.Build.0 = Debug|Any CPU
		{99EC4FC5-7F05-404B-863B-6A79294A26F5}.Debug|x86.ActiveCfg = Debug|Any CPU
		{99EC4FC5-7F05-404B-863B-6A79294A26F5}.Release|Any CPU.ActiveCfg = Release|Any CPU
		{99EC4FC5-7F05-404B-863B-6A79294A26F5}.Release|Any CPU.Build.0 = Release|Any CPU
		{99EC4FC5-7F05-404B-863B-6A79294A26F5}.Release|Mixed Platforms.ActiveCfg = Release|Any CPU
		{99EC4FC5-7F05-404B-863B-6A79294A26F5}.Release|Mixed Platforms.Build.0 = Release|Any CPU
		{99EC4FC5-7F05-404B-863B-6A79294A26F5}.Release|x86.ActiveCfg = Release|Any CPU
		{6BDDE5AE-5B48-40B3-9F8D-74B498D26C74}.Debug|Any CPU.ActiveCfg = Debug|Any CPU
		{6BDDE5AE-5B48-40B3-9F8D-74B498D26C74}.Debug|Any CPU.Build.0 = Debug|Any CPU
		{6BDDE5AE-5B48-40B3-9F8D-74B498D26C74}.Debug|Mixed Platforms.ActiveCfg = Debug|Any CPU
		{6BDDE5AE-5B48-40B3-9F8D-74B498D26C74}.Debug|Mixed Platforms.Build.0 = Debug|Any CPU
		{6BDDE5AE-5B48-40B3-9F8D-74B498D26C74}.Debug|x86.ActiveCfg = Debug|Any CPU
		{6BDDE5AE-5B48-40B3-9F8D-74B498D26C74}.Release|Any CPU.ActiveCfg = Release|Any CPU
		{6BDDE5AE-5B48-40B3-9F8D-74B498D26C74}.Release|Any CPU.Build.0 = Release|Any CPU
		{6BDDE5AE-5B48-40B3-9F8D-74B498D26C74}.Release|Mixed Platforms.ActiveCfg = Release|Any CPU
		{6BDDE5AE-5B48-40B3-9F8D-74B498D26C74}.Release|Mixed Platforms.Build.0 = Release|Any CPU
		{6BDDE5AE-5B48-40B3-9F8D-74B498D26C74}.Release|x86.ActiveCfg = Release|Any CPU
		{2811672C-4C9A-45DF-AAC3-932CC59C72FA}.Debug|Any CPU.ActiveCfg = Debug|Any CPU
		{2811672C-4C9A-45DF-AAC3-932CC59C72FA}.Debug|Any CPU.Build.0 = Debug|Any CPU
		{2811672C-4C9A-45DF-AAC3-932CC59C72FA}.Debug|Mixed Platforms.ActiveCfg = Debug|Any CPU
		{2811672C-4C9A-45DF-AAC3-932CC59C72FA}.Debug|Mixed Platforms.Build.0 = Debug|Any CPU
		{2811672C-4C9A-45DF-AAC3-932CC59C72FA}.Debug|x86.ActiveCfg = Debug|Any CPU
		{2811672C-4C9A-45DF-AAC3-932CC59C72FA}.Release|Any CPU.ActiveCfg = Release|Any CPU
		{2811672C-4C9A-45DF-AAC3-932CC59C72FA}.Release|Any CPU.Build.0 = Release|Any CPU
		{2811672C-4C9A-45DF-AAC3-932CC59C72FA}.Release|Mixed Platforms.ActiveCfg = Release|Any CPU
		{2811672C-4C9A-45DF-AAC3-932CC59C72FA}.Release|Mixed Platforms.Build.0 = Release|Any CPU
		{2811672C-4C9A-45DF-AAC3-932CC59C72FA}.Release|x86.ActiveCfg = Release|Any CPU
		{B217AC1F-05F3-4992-9F77-AC103969E20F}.Debug|Any CPU.ActiveCfg = Debug|Any CPU
		{B217AC1F-05F3-4992-9F77-AC103969E20F}.Debug|Any CPU.Build.0 = Debug|Any CPU
		{B217AC1F-05F3-4992-9F77-AC103969E20F}.Debug|Mixed Platforms.ActiveCfg = Debug|Any CPU
		{B217AC1F-05F3-4992-9F77-AC103969E20F}.Debug|Mixed Platforms.Build.0 = Debug|Any CPU
		{B217AC1F-05F3-4992-9F77-AC103969E20F}.Debug|x86.ActiveCfg = Debug|Any CPU
		{B217AC1F-05F3-4992-9F77-AC103969E20F}.Release|Any CPU.ActiveCfg = Release|Any CPU
		{B217AC1F-05F3-4992-9F77-AC103969E20F}.Release|Any CPU.Build.0 = Release|Any CPU
		{B217AC1F-05F3-4992-9F77-AC103969E20F}.Release|Mixed Platforms.ActiveCfg = Release|Any CPU
		{B217AC1F-05F3-4992-9F77-AC103969E20F}.Release|Mixed Platforms.Build.0 = Release|Any CPU
		{B217AC1F-05F3-4992-9F77-AC103969E20F}.Release|x86.ActiveCfg = Release|Any CPU
		{C3296452-B77F-4114-AFF8-C436A59C3197}.Debug|Any CPU.ActiveCfg = Debug|Any CPU
		{C3296452-B77F-4114-AFF8-C436A59C3197}.Debug|Any CPU.Build.0 = Debug|Any CPU
		{C3296452-B77F-4114-AFF8-C436A59C3197}.Debug|Mixed Platforms.ActiveCfg = Debug|Any CPU
		{C3296452-B77F-4114-AFF8-C436A59C3197}.Debug|Mixed Platforms.Build.0 = Debug|Any CPU
		{C3296452-B77F-4114-AFF8-C436A59C3197}.Debug|x86.ActiveCfg = Debug|Any CPU
		{C3296452-B77F-4114-AFF8-C436A59C3197}.Release|Any CPU.ActiveCfg = Release|Any CPU
		{C3296452-B77F-4114-AFF8-C436A59C3197}.Release|Any CPU.Build.0 = Release|Any CPU
		{C3296452-B77F-4114-AFF8-C436A59C3197}.Release|Mixed Platforms.ActiveCfg = Release|Any CPU
		{C3296452-B77F-4114-AFF8-C436A59C3197}.Release|Mixed Platforms.Build.0 = Release|Any CPU
		{C3296452-B77F-4114-AFF8-C436A59C3197}.Release|x86.ActiveCfg = Release|Any CPU
		{4BF4CF1E-017E-40EC-B4EC-F112481278F4}.Debug|Any CPU.ActiveCfg = Debug|Any CPU
		{4BF4CF1E-017E-40EC-B4EC-F112481278F4}.Debug|Any CPU.Build.0 = Debug|Any CPU
		{4BF4CF1E-017E-40EC-B4EC-F112481278F4}.Debug|Mixed Platforms.ActiveCfg = Debug|Any CPU
		{4BF4CF1E-017E-40EC-B4EC-F112481278F4}.Debug|Mixed Platforms.Build.0 = Debug|Any CPU
		{4BF4CF1E-017E-40EC-B4EC-F112481278F4}.Debug|x86.ActiveCfg = Debug|Any CPU
		{4BF4CF1E-017E-40EC-B4EC-F112481278F4}.Release|Any CPU.ActiveCfg = Release|Any CPU
		{4BF4CF1E-017E-40EC-B4EC-F112481278F4}.Release|Any CPU.Build.0 = Release|Any CPU
		{4BF4CF1E-017E-40EC-B4EC-F112481278F4}.Release|Mixed Platforms.ActiveCfg = Release|Any CPU
		{4BF4CF1E-017E-40EC-B4EC-F112481278F4}.Release|Mixed Platforms.Build.0 = Release|Any CPU
		{4BF4CF1E-017E-40EC-B4EC-F112481278F4}.Release|x86.ActiveCfg = Release|Any CPU
		{123EB242-BA1D-4915-924C-8515AE9AEE16}.Debug|Any CPU.ActiveCfg = Debug|Any CPU
		{123EB242-BA1D-4915-924C-8515AE9AEE16}.Debug|Any CPU.Build.0 = Debug|Any CPU
		{123EB242-BA1D-4915-924C-8515AE9AEE16}.Debug|Mixed Platforms.ActiveCfg = Debug|Any CPU
		{123EB242-BA1D-4915-924C-8515AE9AEE16}.Debug|Mixed Platforms.Build.0 = Debug|Any CPU
		{123EB242-BA1D-4915-924C-8515AE9AEE16}.Debug|x86.ActiveCfg = Debug|Any CPU
		{123EB242-BA1D-4915-924C-8515AE9AEE16}.Release|Any CPU.ActiveCfg = Release|Any CPU
		{123EB242-BA1D-4915-924C-8515AE9AEE16}.Release|Any CPU.Build.0 = Release|Any CPU
		{123EB242-BA1D-4915-924C-8515AE9AEE16}.Release|Mixed Platforms.ActiveCfg = Release|Any CPU
		{123EB242-BA1D-4915-924C-8515AE9AEE16}.Release|Mixed Platforms.Build.0 = Release|Any CPU
		{123EB242-BA1D-4915-924C-8515AE9AEE16}.Release|x86.ActiveCfg = Release|Any CPU
		{3BECF40D-D8DC-4AF9-ABB4-5A865C52F433}.Debug|Any CPU.ActiveCfg = Debug|Any CPU
		{3BECF40D-D8DC-4AF9-ABB4-5A865C52F433}.Debug|Any CPU.Build.0 = Debug|Any CPU
		{3BECF40D-D8DC-4AF9-ABB4-5A865C52F433}.Debug|Mixed Platforms.ActiveCfg = Debug|Any CPU
		{3BECF40D-D8DC-4AF9-ABB4-5A865C52F433}.Debug|Mixed Platforms.Build.0 = Debug|Any CPU
		{3BECF40D-D8DC-4AF9-ABB4-5A865C52F433}.Debug|x86.ActiveCfg = Debug|Any CPU
		{3BECF40D-D8DC-4AF9-ABB4-5A865C52F433}.Release|Any CPU.ActiveCfg = Release|Any CPU
		{3BECF40D-D8DC-4AF9-ABB4-5A865C52F433}.Release|Any CPU.Build.0 = Release|Any CPU
		{3BECF40D-D8DC-4AF9-ABB4-5A865C52F433}.Release|Mixed Platforms.ActiveCfg = Release|Any CPU
		{3BECF40D-D8DC-4AF9-ABB4-5A865C52F433}.Release|Mixed Platforms.Build.0 = Release|Any CPU
		{3BECF40D-D8DC-4AF9-ABB4-5A865C52F433}.Release|x86.ActiveCfg = Release|Any CPU
		{686BDE7E-1C4C-4B8A-AE0F-21A03C7A5E92}.Debug|Any CPU.ActiveCfg = Debug|Any CPU
		{686BDE7E-1C4C-4B8A-AE0F-21A03C7A5E92}.Debug|Any CPU.Build.0 = Debug|Any CPU
		{686BDE7E-1C4C-4B8A-AE0F-21A03C7A5E92}.Debug|Mixed Platforms.ActiveCfg = Debug|Any CPU
		{686BDE7E-1C4C-4B8A-AE0F-21A03C7A5E92}.Debug|Mixed Platforms.Build.0 = Debug|Any CPU
		{686BDE7E-1C4C-4B8A-AE0F-21A03C7A5E92}.Debug|x86.ActiveCfg = Debug|Any CPU
		{686BDE7E-1C4C-4B8A-AE0F-21A03C7A5E92}.Release|Any CPU.ActiveCfg = Release|Any CPU
		{686BDE7E-1C4C-4B8A-AE0F-21A03C7A5E92}.Release|Any CPU.Build.0 = Release|Any CPU
		{686BDE7E-1C4C-4B8A-AE0F-21A03C7A5E92}.Release|Mixed Platforms.ActiveCfg = Release|Any CPU
		{686BDE7E-1C4C-4B8A-AE0F-21A03C7A5E92}.Release|Mixed Platforms.Build.0 = Release|Any CPU
		{686BDE7E-1C4C-4B8A-AE0F-21A03C7A5E92}.Release|x86.ActiveCfg = Release|Any CPU
		{DE5E3C39-308D-4629-8ACA-A24A707C64B5}.Debug|Any CPU.ActiveCfg = Debug|Any CPU
		{DE5E3C39-308D-4629-8ACA-A24A707C64B5}.Debug|Any CPU.Build.0 = Debug|Any CPU
		{DE5E3C39-308D-4629-8ACA-A24A707C64B5}.Debug|Mixed Platforms.ActiveCfg = Debug|Any CPU
		{DE5E3C39-308D-4629-8ACA-A24A707C64B5}.Debug|Mixed Platforms.Build.0 = Debug|Any CPU
		{DE5E3C39-308D-4629-8ACA-A24A707C64B5}.Debug|x86.ActiveCfg = Debug|Any CPU
		{DE5E3C39-308D-4629-8ACA-A24A707C64B5}.Release|Any CPU.ActiveCfg = Release|Any CPU
		{DE5E3C39-308D-4629-8ACA-A24A707C64B5}.Release|Any CPU.Build.0 = Release|Any CPU
		{DE5E3C39-308D-4629-8ACA-A24A707C64B5}.Release|Mixed Platforms.ActiveCfg = Release|Any CPU
		{DE5E3C39-308D-4629-8ACA-A24A707C64B5}.Release|Mixed Platforms.Build.0 = Release|Any CPU
		{DE5E3C39-308D-4629-8ACA-A24A707C64B5}.Release|x86.ActiveCfg = Release|Any CPU
		{0A0E25C5-6BD6-4A3B-9916-B9E8F5D24250}.Debug|Any CPU.ActiveCfg = Debug|Any CPU
		{0A0E25C5-6BD6-4A3B-9916-B9E8F5D24250}.Debug|Any CPU.Build.0 = Debug|Any CPU
		{0A0E25C5-6BD6-4A3B-9916-B9E8F5D24250}.Debug|Mixed Platforms.ActiveCfg = Debug|Any CPU
		{0A0E25C5-6BD6-4A3B-9916-B9E8F5D24250}.Debug|Mixed Platforms.Build.0 = Debug|Any CPU
		{0A0E25C5-6BD6-4A3B-9916-B9E8F5D24250}.Debug|x86.ActiveCfg = Debug|Any CPU
		{0A0E25C5-6BD6-4A3B-9916-B9E8F5D24250}.Release|Any CPU.ActiveCfg = Release|Any CPU
		{0A0E25C5-6BD6-4A3B-9916-B9E8F5D24250}.Release|Any CPU.Build.0 = Release|Any CPU
		{0A0E25C5-6BD6-4A3B-9916-B9E8F5D24250}.Release|Mixed Platforms.ActiveCfg = Release|Any CPU
		{0A0E25C5-6BD6-4A3B-9916-B9E8F5D24250}.Release|Mixed Platforms.Build.0 = Release|Any CPU
		{0A0E25C5-6BD6-4A3B-9916-B9E8F5D24250}.Release|x86.ActiveCfg = Release|Any CPU
		{DDA8482C-2C27-40E7-B95D-31A1D4D28322}.Debug|Any CPU.ActiveCfg = Debug|Any CPU
		{DDA8482C-2C27-40E7-B95D-31A1D4D28322}.Debug|Any CPU.Build.0 = Debug|Any CPU
		{DDA8482C-2C27-40E7-B95D-31A1D4D28322}.Debug|Mixed Platforms.ActiveCfg = Debug|Any CPU
		{DDA8482C-2C27-40E7-B95D-31A1D4D28322}.Debug|Mixed Platforms.Build.0 = Debug|Any CPU
		{DDA8482C-2C27-40E7-B95D-31A1D4D28322}.Debug|x86.ActiveCfg = Debug|Any CPU
		{DDA8482C-2C27-40E7-B95D-31A1D4D28322}.Release|Any CPU.ActiveCfg = Release|Any CPU
		{DDA8482C-2C27-40E7-B95D-31A1D4D28322}.Release|Any CPU.Build.0 = Release|Any CPU
		{DDA8482C-2C27-40E7-B95D-31A1D4D28322}.Release|Mixed Platforms.ActiveCfg = Release|Any CPU
		{DDA8482C-2C27-40E7-B95D-31A1D4D28322}.Release|Mixed Platforms.Build.0 = Release|Any CPU
		{DDA8482C-2C27-40E7-B95D-31A1D4D28322}.Release|x86.ActiveCfg = Release|Any CPU
		{12CA63A2-03C9-4579-910E-BE421FA01120}.Debug|Any CPU.ActiveCfg = Debug|Any CPU
		{12CA63A2-03C9-4579-910E-BE421FA01120}.Debug|Any CPU.Build.0 = Debug|Any CPU
		{12CA63A2-03C9-4579-910E-BE421FA01120}.Debug|Mixed Platforms.ActiveCfg = Debug|Any CPU
		{12CA63A2-03C9-4579-910E-BE421FA01120}.Debug|Mixed Platforms.Build.0 = Debug|Any CPU
		{12CA63A2-03C9-4579-910E-BE421FA01120}.Debug|x86.ActiveCfg = Debug|Any CPU
		{12CA63A2-03C9-4579-910E-BE421FA01120}.Release|Any CPU.ActiveCfg = Release|Any CPU
		{12CA63A2-03C9-4579-910E-BE421FA01120}.Release|Any CPU.Build.0 = Release|Any CPU
		{12CA63A2-03C9-4579-910E-BE421FA01120}.Release|Mixed Platforms.ActiveCfg = Release|Any CPU
		{12CA63A2-03C9-4579-910E-BE421FA01120}.Release|Mixed Platforms.Build.0 = Release|Any CPU
		{12CA63A2-03C9-4579-910E-BE421FA01120}.Release|x86.ActiveCfg = Release|Any CPU
		{853EB2F4-4B49-4F7F-AD90-4B546EA6B44F}.Debug|Any CPU.ActiveCfg = Debug|Any CPU
		{853EB2F4-4B49-4F7F-AD90-4B546EA6B44F}.Debug|Any CPU.Build.0 = Debug|Any CPU
		{853EB2F4-4B49-4F7F-AD90-4B546EA6B44F}.Debug|Mixed Platforms.ActiveCfg = Debug|Any CPU
		{853EB2F4-4B49-4F7F-AD90-4B546EA6B44F}.Debug|Mixed Platforms.Build.0 = Debug|Any CPU
		{853EB2F4-4B49-4F7F-AD90-4B546EA6B44F}.Debug|x86.ActiveCfg = Debug|Any CPU
		{853EB2F4-4B49-4F7F-AD90-4B546EA6B44F}.Release|Any CPU.ActiveCfg = Release|Any CPU
		{853EB2F4-4B49-4F7F-AD90-4B546EA6B44F}.Release|Any CPU.Build.0 = Release|Any CPU
		{853EB2F4-4B49-4F7F-AD90-4B546EA6B44F}.Release|Mixed Platforms.ActiveCfg = Release|Any CPU
		{853EB2F4-4B49-4F7F-AD90-4B546EA6B44F}.Release|Mixed Platforms.Build.0 = Release|Any CPU
		{853EB2F4-4B49-4F7F-AD90-4B546EA6B44F}.Release|x86.ActiveCfg = Release|Any CPU
		{19F0D5FF-5BC5-4DB5-9E2F-0EEE1FB327B1}.Debug|Any CPU.ActiveCfg = Debug|Any CPU
		{19F0D5FF-5BC5-4DB5-9E2F-0EEE1FB327B1}.Debug|Any CPU.Build.0 = Debug|Any CPU
		{19F0D5FF-5BC5-4DB5-9E2F-0EEE1FB327B1}.Debug|Mixed Platforms.ActiveCfg = Debug|Any CPU
		{19F0D5FF-5BC5-4DB5-9E2F-0EEE1FB327B1}.Debug|Mixed Platforms.Build.0 = Debug|Any CPU
		{19F0D5FF-5BC5-4DB5-9E2F-0EEE1FB327B1}.Debug|x86.ActiveCfg = Debug|Any CPU
		{19F0D5FF-5BC5-4DB5-9E2F-0EEE1FB327B1}.Release|Any CPU.ActiveCfg = Release|Any CPU
		{19F0D5FF-5BC5-4DB5-9E2F-0EEE1FB327B1}.Release|Any CPU.Build.0 = Release|Any CPU
		{19F0D5FF-5BC5-4DB5-9E2F-0EEE1FB327B1}.Release|Mixed Platforms.ActiveCfg = Release|Any CPU
		{19F0D5FF-5BC5-4DB5-9E2F-0EEE1FB327B1}.Release|Mixed Platforms.Build.0 = Release|Any CPU
		{19F0D5FF-5BC5-4DB5-9E2F-0EEE1FB327B1}.Release|x86.ActiveCfg = Release|Any CPU
		{5895C42C-A146-4324-B9E3-17918813E3DB}.Debug|Any CPU.ActiveCfg = Debug|Any CPU
		{5895C42C-A146-4324-B9E3-17918813E3DB}.Debug|Any CPU.Build.0 = Debug|Any CPU
		{5895C42C-A146-4324-B9E3-17918813E3DB}.Debug|Mixed Platforms.ActiveCfg = Debug|Any CPU
		{5895C42C-A146-4324-B9E3-17918813E3DB}.Debug|Mixed Platforms.Build.0 = Debug|Any CPU
		{5895C42C-A146-4324-B9E3-17918813E3DB}.Debug|x86.ActiveCfg = Debug|Any CPU
		{5895C42C-A146-4324-B9E3-17918813E3DB}.Release|Any CPU.ActiveCfg = Release|Any CPU
		{5895C42C-A146-4324-B9E3-17918813E3DB}.Release|Any CPU.Build.0 = Release|Any CPU
		{5895C42C-A146-4324-B9E3-17918813E3DB}.Release|Mixed Platforms.ActiveCfg = Release|Any CPU
		{5895C42C-A146-4324-B9E3-17918813E3DB}.Release|Mixed Platforms.Build.0 = Release|Any CPU
		{5895C42C-A146-4324-B9E3-17918813E3DB}.Release|x86.ActiveCfg = Release|Any CPU
		{7D2AE23A-E672-412C-A524-CCFD9E2719F3}.Debug|Any CPU.ActiveCfg = Debug|Any CPU
		{7D2AE23A-E672-412C-A524-CCFD9E2719F3}.Debug|Any CPU.Build.0 = Debug|Any CPU
		{7D2AE23A-E672-412C-A524-CCFD9E2719F3}.Debug|Mixed Platforms.ActiveCfg = Debug|Any CPU
		{7D2AE23A-E672-412C-A524-CCFD9E2719F3}.Debug|Mixed Platforms.Build.0 = Debug|Any CPU
		{7D2AE23A-E672-412C-A524-CCFD9E2719F3}.Debug|x86.ActiveCfg = Debug|Any CPU
		{7D2AE23A-E672-412C-A524-CCFD9E2719F3}.Release|Any CPU.ActiveCfg = Release|Any CPU
		{7D2AE23A-E672-412C-A524-CCFD9E2719F3}.Release|Any CPU.Build.0 = Release|Any CPU
		{7D2AE23A-E672-412C-A524-CCFD9E2719F3}.Release|Mixed Platforms.ActiveCfg = Release|Any CPU
		{7D2AE23A-E672-412C-A524-CCFD9E2719F3}.Release|Mixed Platforms.Build.0 = Release|Any CPU
		{7D2AE23A-E672-412C-A524-CCFD9E2719F3}.Release|x86.ActiveCfg = Release|Any CPU
		{7A7CAD00-E32F-41B1-BE3C-7F87B5B25EBF}.Debug|Any CPU.ActiveCfg = Debug|Any CPU
		{7A7CAD00-E32F-41B1-BE3C-7F87B5B25EBF}.Debug|Any CPU.Build.0 = Debug|Any CPU
		{7A7CAD00-E32F-41B1-BE3C-7F87B5B25EBF}.Debug|Mixed Platforms.ActiveCfg = Debug|Any CPU
		{7A7CAD00-E32F-41B1-BE3C-7F87B5B25EBF}.Debug|Mixed Platforms.Build.0 = Debug|Any CPU
		{7A7CAD00-E32F-41B1-BE3C-7F87B5B25EBF}.Debug|x86.ActiveCfg = Debug|Any CPU
		{7A7CAD00-E32F-41B1-BE3C-7F87B5B25EBF}.Release|Any CPU.ActiveCfg = Release|Any CPU
		{7A7CAD00-E32F-41B1-BE3C-7F87B5B25EBF}.Release|Any CPU.Build.0 = Release|Any CPU
		{7A7CAD00-E32F-41B1-BE3C-7F87B5B25EBF}.Release|Mixed Platforms.ActiveCfg = Release|Any CPU
		{7A7CAD00-E32F-41B1-BE3C-7F87B5B25EBF}.Release|Mixed Platforms.Build.0 = Release|Any CPU
		{7A7CAD00-E32F-41B1-BE3C-7F87B5B25EBF}.Release|x86.ActiveCfg = Release|Any CPU
		{D4922324-4A35-4F89-8059-60F211696DE9}.Debug|Any CPU.ActiveCfg = Debug|Any CPU
		{D4922324-4A35-4F89-8059-60F211696DE9}.Debug|Any CPU.Build.0 = Debug|Any CPU
		{D4922324-4A35-4F89-8059-60F211696DE9}.Debug|Mixed Platforms.ActiveCfg = Debug|Any CPU
		{D4922324-4A35-4F89-8059-60F211696DE9}.Debug|Mixed Platforms.Build.0 = Debug|Any CPU
		{D4922324-4A35-4F89-8059-60F211696DE9}.Debug|x86.ActiveCfg = Debug|Any CPU
		{D4922324-4A35-4F89-8059-60F211696DE9}.Release|Any CPU.ActiveCfg = Release|Any CPU
		{D4922324-4A35-4F89-8059-60F211696DE9}.Release|Any CPU.Build.0 = Release|Any CPU
		{D4922324-4A35-4F89-8059-60F211696DE9}.Release|Mixed Platforms.ActiveCfg = Release|Any CPU
		{D4922324-4A35-4F89-8059-60F211696DE9}.Release|Mixed Platforms.Build.0 = Release|Any CPU
		{D4922324-4A35-4F89-8059-60F211696DE9}.Release|x86.ActiveCfg = Release|Any CPU
		{E0FB14E5-A1E7-453C-AD53-ED731CC427D3}.Debug|Any CPU.ActiveCfg = Debug|Any CPU
		{E0FB14E5-A1E7-453C-AD53-ED731CC427D3}.Debug|Any CPU.Build.0 = Debug|Any CPU
		{E0FB14E5-A1E7-453C-AD53-ED731CC427D3}.Debug|Mixed Platforms.ActiveCfg = Debug|Any CPU
		{E0FB14E5-A1E7-453C-AD53-ED731CC427D3}.Debug|Mixed Platforms.Build.0 = Debug|Any CPU
		{E0FB14E5-A1E7-453C-AD53-ED731CC427D3}.Debug|x86.ActiveCfg = Debug|Any CPU
		{E0FB14E5-A1E7-453C-AD53-ED731CC427D3}.Release|Any CPU.ActiveCfg = Release|Any CPU
		{E0FB14E5-A1E7-453C-AD53-ED731CC427D3}.Release|Any CPU.Build.0 = Release|Any CPU
		{E0FB14E5-A1E7-453C-AD53-ED731CC427D3}.Release|Mixed Platforms.ActiveCfg = Release|Any CPU
		{E0FB14E5-A1E7-453C-AD53-ED731CC427D3}.Release|Mixed Platforms.Build.0 = Release|Any CPU
		{E0FB14E5-A1E7-453C-AD53-ED731CC427D3}.Release|x86.ActiveCfg = Release|Any CPU
		{E9232D98-120B-4076-9778-C67210330E08}.Debug|Any CPU.ActiveCfg = Debug|Any CPU
		{E9232D98-120B-4076-9778-C67210330E08}.Debug|Any CPU.Build.0 = Debug|Any CPU
		{E9232D98-120B-4076-9778-C67210330E08}.Debug|Mixed Platforms.ActiveCfg = Debug|Any CPU
		{E9232D98-120B-4076-9778-C67210330E08}.Debug|Mixed Platforms.Build.0 = Debug|Any CPU
		{E9232D98-120B-4076-9778-C67210330E08}.Debug|x86.ActiveCfg = Debug|Any CPU
		{E9232D98-120B-4076-9778-C67210330E08}.Release|Any CPU.ActiveCfg = Release|Any CPU
		{E9232D98-120B-4076-9778-C67210330E08}.Release|Any CPU.Build.0 = Release|Any CPU
		{E9232D98-120B-4076-9778-C67210330E08}.Release|Mixed Platforms.ActiveCfg = Release|Any CPU
		{E9232D98-120B-4076-9778-C67210330E08}.Release|Mixed Platforms.Build.0 = Release|Any CPU
		{E9232D98-120B-4076-9778-C67210330E08}.Release|x86.ActiveCfg = Release|Any CPU
		{323DE44F-AF89-4F6B-8DF7-CEEEE80800CB}.Debug|Any CPU.ActiveCfg = Debug|Any CPU
		{323DE44F-AF89-4F6B-8DF7-CEEEE80800CB}.Debug|Any CPU.Build.0 = Debug|Any CPU
		{323DE44F-AF89-4F6B-8DF7-CEEEE80800CB}.Debug|Mixed Platforms.ActiveCfg = Debug|Any CPU
		{323DE44F-AF89-4F6B-8DF7-CEEEE80800CB}.Debug|Mixed Platforms.Build.0 = Debug|Any CPU
		{323DE44F-AF89-4F6B-8DF7-CEEEE80800CB}.Debug|x86.ActiveCfg = Debug|Any CPU
		{323DE44F-AF89-4F6B-8DF7-CEEEE80800CB}.Release|Any CPU.ActiveCfg = Release|Any CPU
		{323DE44F-AF89-4F6B-8DF7-CEEEE80800CB}.Release|Any CPU.Build.0 = Release|Any CPU
		{323DE44F-AF89-4F6B-8DF7-CEEEE80800CB}.Release|Mixed Platforms.ActiveCfg = Release|Any CPU
		{323DE44F-AF89-4F6B-8DF7-CEEEE80800CB}.Release|Mixed Platforms.Build.0 = Release|Any CPU
		{323DE44F-AF89-4F6B-8DF7-CEEEE80800CB}.Release|x86.ActiveCfg = Release|Any CPU
		{109FE983-8308-4F5C-9365-7149FBC9E294}.Debug|Any CPU.ActiveCfg = Debug|Any CPU
		{109FE983-8308-4F5C-9365-7149FBC9E294}.Debug|Any CPU.Build.0 = Debug|Any CPU
		{109FE983-8308-4F5C-9365-7149FBC9E294}.Debug|Mixed Platforms.ActiveCfg = Debug|Any CPU
		{109FE983-8308-4F5C-9365-7149FBC9E294}.Debug|Mixed Platforms.Build.0 = Debug|Any CPU
		{109FE983-8308-4F5C-9365-7149FBC9E294}.Debug|x86.ActiveCfg = Debug|Any CPU
		{109FE983-8308-4F5C-9365-7149FBC9E294}.Release|Any CPU.ActiveCfg = Release|Any CPU
		{109FE983-8308-4F5C-9365-7149FBC9E294}.Release|Any CPU.Build.0 = Release|Any CPU
		{109FE983-8308-4F5C-9365-7149FBC9E294}.Release|Mixed Platforms.ActiveCfg = Release|Any CPU
		{109FE983-8308-4F5C-9365-7149FBC9E294}.Release|Mixed Platforms.Build.0 = Release|Any CPU
		{109FE983-8308-4F5C-9365-7149FBC9E294}.Release|x86.ActiveCfg = Release|Any CPU
		{6C200172-9847-40E4-AE97-EC50BBF4D0A4}.Debug|Any CPU.ActiveCfg = Debug|Any CPU
		{6C200172-9847-40E4-AE97-EC50BBF4D0A4}.Debug|Any CPU.Build.0 = Debug|Any CPU
		{6C200172-9847-40E4-AE97-EC50BBF4D0A4}.Debug|Mixed Platforms.ActiveCfg = Debug|Any CPU
		{6C200172-9847-40E4-AE97-EC50BBF4D0A4}.Debug|Mixed Platforms.Build.0 = Debug|Any CPU
		{6C200172-9847-40E4-AE97-EC50BBF4D0A4}.Debug|x86.ActiveCfg = Debug|Any CPU
		{6C200172-9847-40E4-AE97-EC50BBF4D0A4}.Release|Any CPU.ActiveCfg = Release|Any CPU
		{6C200172-9847-40E4-AE97-EC50BBF4D0A4}.Release|Any CPU.Build.0 = Release|Any CPU
		{6C200172-9847-40E4-AE97-EC50BBF4D0A4}.Release|Mixed Platforms.ActiveCfg = Release|Any CPU
		{6C200172-9847-40E4-AE97-EC50BBF4D0A4}.Release|Mixed Platforms.Build.0 = Release|Any CPU
		{6C200172-9847-40E4-AE97-EC50BBF4D0A4}.Release|x86.ActiveCfg = Release|Any CPU
		{6BD02894-6EBE-40F1-B5A4-70E5141B2540}.Debug|Any CPU.ActiveCfg = Debug|Any CPU
		{6BD02894-6EBE-40F1-B5A4-70E5141B2540}.Debug|Any CPU.Build.0 = Debug|Any CPU
		{6BD02894-6EBE-40F1-B5A4-70E5141B2540}.Debug|Mixed Platforms.ActiveCfg = Debug|Any CPU
		{6BD02894-6EBE-40F1-B5A4-70E5141B2540}.Debug|Mixed Platforms.Build.0 = Debug|Any CPU
		{6BD02894-6EBE-40F1-B5A4-70E5141B2540}.Debug|x86.ActiveCfg = Debug|Any CPU
		{6BD02894-6EBE-40F1-B5A4-70E5141B2540}.Release|Any CPU.ActiveCfg = Release|Any CPU
		{6BD02894-6EBE-40F1-B5A4-70E5141B2540}.Release|Any CPU.Build.0 = Release|Any CPU
		{6BD02894-6EBE-40F1-B5A4-70E5141B2540}.Release|Mixed Platforms.ActiveCfg = Release|Any CPU
		{6BD02894-6EBE-40F1-B5A4-70E5141B2540}.Release|Mixed Platforms.Build.0 = Release|Any CPU
		{6BD02894-6EBE-40F1-B5A4-70E5141B2540}.Release|x86.ActiveCfg = Release|Any CPU
		{BE1ED569-5E0B-4DF0-8964-33AD2AAE4C4A}.Debug|Any CPU.ActiveCfg = Debug|Any CPU
		{BE1ED569-5E0B-4DF0-8964-33AD2AAE4C4A}.Debug|Any CPU.Build.0 = Debug|Any CPU
		{BE1ED569-5E0B-4DF0-8964-33AD2AAE4C4A}.Debug|Mixed Platforms.ActiveCfg = Debug|Any CPU
		{BE1ED569-5E0B-4DF0-8964-33AD2AAE4C4A}.Debug|Mixed Platforms.Build.0 = Debug|Any CPU
		{BE1ED569-5E0B-4DF0-8964-33AD2AAE4C4A}.Debug|x86.ActiveCfg = Debug|Any CPU
		{BE1ED569-5E0B-4DF0-8964-33AD2AAE4C4A}.Debug|x86.Build.0 = Debug|Any CPU
		{BE1ED569-5E0B-4DF0-8964-33AD2AAE4C4A}.Release|Any CPU.ActiveCfg = Release|Any CPU
		{BE1ED569-5E0B-4DF0-8964-33AD2AAE4C4A}.Release|Any CPU.Build.0 = Release|Any CPU
		{BE1ED569-5E0B-4DF0-8964-33AD2AAE4C4A}.Release|Mixed Platforms.ActiveCfg = Release|Any CPU
		{BE1ED569-5E0B-4DF0-8964-33AD2AAE4C4A}.Release|Mixed Platforms.Build.0 = Release|Any CPU
		{BE1ED569-5E0B-4DF0-8964-33AD2AAE4C4A}.Release|x86.ActiveCfg = Release|Any CPU
		{BE1ED569-5E0B-4DF0-8964-33AD2AAE4C4A}.Release|x86.Build.0 = Release|Any CPU
	EndGlobalSection
	GlobalSection(SolutionProperties) = preSolution
		HideSolutionNode = FALSE
	EndGlobalSection
	GlobalSection(NestedProjects) = preSolution
		{A09EAA43-3E41-4379-9A19-4B633829C1A2} = {966168A5-F66C-4189-94E6-9F49303B8318}
		{BF74955A-3599-4E98-9DBF-7C581EBF74CD} = {966168A5-F66C-4189-94E6-9F49303B8318}
		{EA11D75F-FDB9-410D-9F9B-5D055B4377B8} = {966168A5-F66C-4189-94E6-9F49303B8318}
		{D20AC0D3-74FB-489C-977C-5712E022EB2B} = {966168A5-F66C-4189-94E6-9F49303B8318}
		{201020E5-ADF0-4E0C-9287-2A7F5E6E6080} = {966168A5-F66C-4189-94E6-9F49303B8318}
		{F37A8F1F-F099-4218-A427-945E7DAEE60B} = {966168A5-F66C-4189-94E6-9F49303B8318}
		{5FC78491-7CA6-4584-AE53-D9A94EF4FE17} = {3C7E5B72-9DB8-42B6-8084-8D220C5851D0}
		{81FD9398-A149-48C4-A8D4-BC1499518625} = {3C7E5B72-9DB8-42B6-8084-8D220C5851D0}
		{E94AD8E6-ED2E-4472-A253-9EE72DBA7915} = {3C7E5B72-9DB8-42B6-8084-8D220C5851D0}
		{9C8AA501-8278-41FB-AEF3-43CC8D3184A7} = {94D4AF66-72FD-4017-B808-5FF42770AD21}
		{F5285D05-D1E0-43D9-A88B-5636F6719F1E} = {2189817D-EA11-475D-B978-A7327E48B066}
		{8EDC3E88-99E1-4DF0-871E-D2B19B75F74D} = {4B0E616C-B712-4763-AB28-E6157587065C}
		{55B50642-E3FE-4742-A445-10C558B2A902} = {3C7E5B72-9DB8-42B6-8084-8D220C5851D0}
		{81A75A8E-58F5-4A9D-B856-B8C981558B67} = {3C7E5B72-9DB8-42B6-8084-8D220C5851D0}
		{DA3262FB-3B40-4750-A5E9-5A2C6E87F04C} = {966168A5-F66C-4189-94E6-9F49303B8318}
		{EAD24DF6-3EF9-4B9F-BC6E-23436C4B16DE} = {3C7E5B72-9DB8-42B6-8084-8D220C5851D0}
		{83008678-0C79-4E48-BC3D-D9B4580DF56A} = {966168A5-F66C-4189-94E6-9F49303B8318}
		{2EC2093E-94EC-4CFA-AC59-13F5953B44BC} = {966168A5-F66C-4189-94E6-9F49303B8318}
		{3CFDFF57-C4FB-4949-9C1E-7FE3B805957C} = {2EC2093E-94EC-4CFA-AC59-13F5953B44BC}
		{A511450D-26CB-4D17-92B1-4C9A331B5290} = {966168A5-F66C-4189-94E6-9F49303B8318}
		{890131A9-84AF-48EB-9DA7-27FA48C3A81C} = {2EC2093E-94EC-4CFA-AC59-13F5953B44BC}
		{B62CCD6E-FDF4-4FC1-B998-43F49AC17510} = {3C7E5B72-9DB8-42B6-8084-8D220C5851D0}
		{C1716C1B-995A-481B-8853-1B984F75BE45} = {966168A5-F66C-4189-94E6-9F49303B8318}
		{F0616305-50AD-4780-A762-575F0050E614} = {3C7E5B72-9DB8-42B6-8084-8D220C5851D0}
		{51075C18-6CE2-45D6-AD6B-1F5339F5B8BB} = {94D4AF66-72FD-4017-B808-5FF42770AD21}
		{41443CBE-4FA7-42D7-9B70-3035F4EFE763} = {38C53AC6-1F2E-4DDE-9B01-973FBD5A94D2}
		{E596D928-C038-4A13-ABAF-5431D3829DCA} = {966168A5-F66C-4189-94E6-9F49303B8318}
		{66625F31-AB7B-44E4-AE75-E27F84ADC11F} = {E596D928-C038-4A13-ABAF-5431D3829DCA}
		{D7C1E3E7-2FF0-444F-BF07-B02E964ACF3D} = {04B1B1A9-FDEF-4F27-ACFC-50B300A7980D}
		{353BFBC5-A0B4-4EDD-81EA-52C2FEF828AD} = {04B1B1A9-FDEF-4F27-ACFC-50B300A7980D}
		{2EBE2784-D378-4C1C-BF1F-E24E0B64F0F6} = {04B1B1A9-FDEF-4F27-ACFC-50B300A7980D}
		{E03FBAA1-A043-48E9-9635-00459F61F026} = {E596D928-C038-4A13-ABAF-5431D3829DCA}
		{FBD5D516-5FD9-493E-9927-584382CBE020} = {3C7E5B72-9DB8-42B6-8084-8D220C5851D0}
		{0000B7FB-F8E5-4C27-A175-97894FF2215F} = {E596D928-C038-4A13-ABAF-5431D3829DCA}
		{EC1A9F29-D86A-471A-9C75-A5275F1CE861} = {3C7E5B72-9DB8-42B6-8084-8D220C5851D0}
		{F5B901C1-0019-40C7-82F3-8C306BEC38CE} = {4B0E616C-B712-4763-AB28-E6157587065C}
		{78D2D3A6-12B7-42EB-82D6-A77B7FFCFC25} = {4B0E616C-B712-4763-AB28-E6157587065C}
		{E8A74E2F-C2CA-4DC6-A97A-67C6C03FBDE6} = {3C7E5B72-9DB8-42B6-8084-8D220C5851D0}
		{A71BF1C0-9AD8-4D4F-B977-DE77A83FAF79} = {E596D928-C038-4A13-ABAF-5431D3829DCA}
		{005BB7BF-E7B8-40B2-87F1-540D2B627588} = {966168A5-F66C-4189-94E6-9F49303B8318}
		{D178AA1D-3EDC-47E0-A983-8DC829057ED4} = {3C7E5B72-9DB8-42B6-8084-8D220C5851D0}
		{B24EA9E9-FC8D-43DF-B845-180EFDE1621F} = {E596D928-C038-4A13-ABAF-5431D3829DCA}
		{B2326743-38C9-489E-B2FF-61C12EBE293D} = {3C7E5B72-9DB8-42B6-8084-8D220C5851D0}
		{99EC4FC5-7F05-404B-863B-6A79294A26F5} = {E596D928-C038-4A13-ABAF-5431D3829DCA}
		{6BDDE5AE-5B48-40B3-9F8D-74B498D26C74} = {E596D928-C038-4A13-ABAF-5431D3829DCA}
		{2811672C-4C9A-45DF-AAC3-932CC59C72FA} = {9D23B198-84DB-4A26-8702-5FEE011FFBE0}
		{B217AC1F-05F3-4992-9F77-AC103969E20F} = {9D23B198-84DB-4A26-8702-5FEE011FFBE0}
		{C3296452-B77F-4114-AFF8-C436A59C3197} = {9D23B198-84DB-4A26-8702-5FEE011FFBE0}
		{4BF4CF1E-017E-40EC-B4EC-F112481278F4} = {3C7E5B72-9DB8-42B6-8084-8D220C5851D0}
		{3C7E5B72-9DB8-42B6-8084-8D220C5851D0} = {F37A8F1F-F099-4218-A427-945E7DAEE60B}
		{04B1B1A9-FDEF-4F27-ACFC-50B300A7980D} = {F37A8F1F-F099-4218-A427-945E7DAEE60B}
		{4B0E616C-B712-4763-AB28-E6157587065C} = {F37A8F1F-F099-4218-A427-945E7DAEE60B}
		{9D23B198-84DB-4A26-8702-5FEE011FFBE0} = {F37A8F1F-F099-4218-A427-945E7DAEE60B}
		{94D4AF66-72FD-4017-B808-5FF42770AD21} = {F37A8F1F-F099-4218-A427-945E7DAEE60B}
		{123EB242-BA1D-4915-924C-8515AE9AEE16} = {04B1B1A9-FDEF-4F27-ACFC-50B300A7980D}
		{38C53AC6-1F2E-4DDE-9B01-973FBD5A94D2} = {F37A8F1F-F099-4218-A427-945E7DAEE60B}
		{3BECF40D-D8DC-4AF9-ABB4-5A865C52F433} = {38C53AC6-1F2E-4DDE-9B01-973FBD5A94D2}
		{686BDE7E-1C4C-4B8A-AE0F-21A03C7A5E92} = {3C7E5B72-9DB8-42B6-8084-8D220C5851D0}
		{DE5E3C39-308D-4629-8ACA-A24A707C64B5} = {E596D928-C038-4A13-ABAF-5431D3829DCA}
		{2189817D-EA11-475D-B978-A7327E48B066} = {F37A8F1F-F099-4218-A427-945E7DAEE60B}
		{0A0E25C5-6BD6-4A3B-9916-B9E8F5D24250} = {3C7E5B72-9DB8-42B6-8084-8D220C5851D0}
		{DDA8482C-2C27-40E7-B95D-31A1D4D28322} = {E596D928-C038-4A13-ABAF-5431D3829DCA}
		{12CA63A2-03C9-4579-910E-BE421FA01120} = {3C7E5B72-9DB8-42B6-8084-8D220C5851D0}
		{853EB2F4-4B49-4F7F-AD90-4B546EA6B44F} = {E596D928-C038-4A13-ABAF-5431D3829DCA}
		{19F0D5FF-5BC5-4DB5-9E2F-0EEE1FB327B1} = {04B1B1A9-FDEF-4F27-ACFC-50B300A7980D}
		{E9C7555D-9EBB-4CD2-94A3-922331348A7F} = {F37A8F1F-F099-4218-A427-945E7DAEE60B}
		{5895C42C-A146-4324-B9E3-17918813E3DB} = {E9C7555D-9EBB-4CD2-94A3-922331348A7F}
		{7D2AE23A-E672-412C-A524-CCFD9E2719F3} = {966168A5-F66C-4189-94E6-9F49303B8318}
		{7A7CAD00-E32F-41B1-BE3C-7F87B5B25EBF} = {3C7E5B72-9DB8-42B6-8084-8D220C5851D0}
		{D4922324-4A35-4F89-8059-60F211696DE9} = {E596D928-C038-4A13-ABAF-5431D3829DCA}
		{E0FB14E5-A1E7-453C-AD53-ED731CC427D3} = {E596D928-C038-4A13-ABAF-5431D3829DCA}
		{E9232D98-120B-4076-9778-C67210330E08} = {38C53AC6-1F2E-4DDE-9B01-973FBD5A94D2}
		{5488164F-2D1A-4C3E-ADF9-990117877F6A} = {F37A8F1F-F099-4218-A427-945E7DAEE60B}
		{323DE44F-AF89-4F6B-8DF7-CEEEE80800CB} = {5488164F-2D1A-4C3E-ADF9-990117877F6A}
		{109FE983-8308-4F5C-9365-7149FBC9E294} = {3C7E5B72-9DB8-42B6-8084-8D220C5851D0}
		{6BD02894-6EBE-40F1-B5A4-70E5141B2540} = {966168A5-F66C-4189-94E6-9F49303B8318}
	EndGlobalSection
	GlobalSection(ExtensibilityGlobals) = postSolution
		EnterpriseLibraryConfigurationToolBinariesPath = packages\Unity.2.1.505.2\lib\NET35
		SolutionGuid = {330D486E-2696-415C-9550-5EAD139E4796}
	EndGlobalSection
	GlobalSection(TestCaseManagementSettings) = postSolution
		CategoryFile = Count4U.vsmdi
	EndGlobalSection
EndGlobal
